<?xml version="1.0" encoding="utf-8"?>
<Project ToolsVersion="4.0" xmlns="http://schemas.microsoft.com/developer/msbuild/2003">
  <ItemGroup>
    <Filter Include="源文件">
      <UniqueIdentifier>{4FC737F1-C7A5-4376-A066-2A32D752A2FF}</UniqueIdentifier>
      <Extensions>cpp;c;cc;cxx;def;odl;idl;hpj;bat;asm;asmx</Extensions>
    </Filter>
    <Filter Include="头文件">
      <UniqueIdentifier>{93995380-89BD-4b04-88EB-625FBE52EBFB}</UniqueIdentifier>
      <Extensions>h;hpp;hxx;hm;inl;inc;xsd</Extensions>
    </Filter>
    <Filter Include="资源文件">
      <UniqueIdentifier>{67DA6AB6-F800-4c08-8B7A-83BB121AAD01}</UniqueIdentifier>
      <Extensions>rc;ico;cur;bmp;dlg;rc2;rct;bin;rgs;gif;jpg;jpeg;jpe;resx;tiff;tif;png;wav;mfcribbon-ms</Extensions>
    </Filter>
  </ItemGroup>
  <ItemGroup>
    <None Include="ReadMe.txt" />
  </ItemGroup>
  <ItemGroup>
    <ClInclude Include="NGfc2ArbitrarySection.h">
      <Filter>头文件</Filter>
    </ClInclude>
    <ClInclude Include="NGfc2Arc2d.h">
      <Filter>头文件</Filter>
    </ClInclude>
    <ClInclude Include="NGfc2Arc3d.h">
      <Filter>头文件</Filter>
    </ClInclude>
    <ClInclude Include="NGfc2Bevel.h">
      <Filter>头文件</Filter>
    </ClInclude>
    <ClInclude Include="NGfc2BillDetail.h">
      <Filter>头文件</Filter>
    </ClInclude>
    <ClInclude Include="NGfc2BillTotal.h">
      <Filter>头文件</Filter>
    </ClInclude>
    <ClInclude Include="NGfc2BinaryBooleanResult.h">
      <Filter>头文件</Filter>
    </ClInclude>
    <ClInclude Include="NGfc2BlockShape.h">
      <Filter>头文件</Filter>
    </ClInclude>
    <ClInclude Include="NGfc2Body.h">
      <Filter>头文件</Filter>
    </ClInclude>
    <ClInclude Include="NGfc2BooleanListProperty.h">
      <Filter>头文件</Filter>
    </ClInclude>
    <ClInclude Include="NGfc2BooleanProperty.h">
      <Filter>头文件</Filter>
    </ClInclude>
    <ClInclude Include="NGfc2BooleanResult.h">
      <Filter>头文件</Filter>
    </ClInclude>
    <ClInclude Include="NGfc2Box3d.h">
      <Filter>头文件</Filter>
    </ClInclude>
    <ClInclude Include="NGfc2BrepBody.h">
      <Filter>头文件</Filter>
    </ClInclude>
    <ClInclude Include="NGfc2Building.h">
      <Filter>头文件</Filter>
    </ClInclude>
    <ClInclude Include="NGfc2CircleHollowSection.h">
      <Filter>头文件</Filter>
    </ClInclude>
    <ClInclude Include="NGfc2CircleSection.h">
      <Filter>头文件</Filter>
    </ClInclude>
    <ClInclude Include="NGfc2Coedge.h">
      <Filter>头文件</Filter>
    </ClInclude>
    <ClInclude Include="NGfc2CoedgeList.h">
      <Filter>头文件</Filter>
    </ClInclude>
    <ClInclude Include="NGfc2CoedgeListEx.h">
      <Filter>头文件</Filter>
    </ClInclude>
    <ClInclude Include="NGfc2Color.h">
      <Filter>头文件</Filter>
    </ClInclude>
    <ClInclude Include="NGfc2CommonPolygon.h">
      <Filter>头文件</Filter>
    </ClInclude>
    <ClInclude Include="NGfc2CommonPolygonEx.h">
      <Filter>头文件</Filter>
    </ClInclude>
    <ClInclude Include="NGfc2ComplexProperty.h">
      <Filter>头文件</Filter>
    </ClInclude>
    <ClInclude Include="NGfc2CompositeCurve2dSweptSolidShape.h">
      <Filter>头文件</Filter>
    </ClInclude>
    <ClInclude Include="NGfc2CompositeCurve3dSweptSolidShape.h">
      <Filter>头文件</Filter>
    </ClInclude>
    <ClInclude Include="NGfc2ConeShape.h">
      <Filter>头文件</Filter>
    </ClInclude>
    <ClInclude Include="NGfc2ConnectionCurveGeometry.h">
      <Filter>头文件</Filter>
    </ClInclude>
    <ClInclude Include="NGfc2ConnectionGeometry.h">
      <Filter>头文件</Filter>
    </ClInclude>
    <ClInclude Include="NGfc2ConnectionPointGeometry.h">
      <Filter>头文件</Filter>
    </ClInclude>
    <ClInclude Include="NGfc2ConnectionSurfaceGeometry.h">
      <Filter>头文件</Filter>
    </ClInclude>
    <ClInclude Include="NGfc2ConnectionVolumeGeometry.h">
      <Filter>头文件</Filter>
    </ClInclude>
    <ClInclude Include="NGfc2Coordinates2d.h">
      <Filter>头文件</Filter>
    </ClInclude>
    <ClInclude Include="NGfc2Coordinates3d.h">
      <Filter>头文件</Filter>
    </ClInclude>
    <ClInclude Include="NGfc2CsgSolidShape.h">
      <Filter>头文件</Filter>
    </ClInclude>
    <ClInclude Include="NGfc2CuboidBody.h">
      <Filter>头文件</Filter>
    </ClInclude>
    <ClInclude Include="NGfc2Curve2d.h">
      <Filter>头文件</Filter>
    </ClInclude>
    <ClInclude Include="NGfc2Curve3d.h">
      <Filter>头文件</Filter>
    </ClInclude>
    <ClInclude Include="NGfc2Cylinder.h">
      <Filter>头文件</Filter>
    </ClInclude>
    <ClInclude Include="NGfc2CylinderShape.h">
      <Filter>头文件</Filter>
    </ClInclude>
    <ClInclude Include="NGfc2DoubleListProperty.h">
      <Filter>头文件</Filter>
    </ClInclude>
    <ClInclude Include="NGfc2DoubleProperty.h">
      <Filter>头文件</Filter>
    </ClInclude>
    <ClInclude Include="NGfc2Edge.h">
      <Filter>头文件</Filter>
    </ClInclude>
    <ClInclude Include="NGfc2Element.h">
      <Filter>头文件</Filter>
    </ClInclude>
    <ClInclude Include="NGfc2ElementShape.h">
      <Filter>头文件</Filter>
    </ClInclude>
    <ClInclude Include="NGfc2ElementType.h">
      <Filter>头文件</Filter>
    </ClInclude>
    <ClInclude Include="NGfc2Ellipse2d.h">
      <Filter>头文件</Filter>
    </ClInclude>
    <ClInclude Include="NGfc2Ellipse3d.h">
      <Filter>头文件</Filter>
    </ClInclude>
    <ClInclude Include="NGfc2EllipseSection.h">
      <Filter>头文件</Filter>
    </ClInclude>
    <ClInclude Include="NGfc2EntityListProperty.h">
      <Filter>头文件</Filter>
    </ClInclude>
    <ClInclude Include="NGfc2EntityProperty.h">
      <Filter>头文件</Filter>
    </ClInclude>
    <ClInclude Include="NGfc2ExtrudedAreaSolidShape.h">
      <Filter>头文件</Filter>
    </ClInclude>
    <ClInclude Include="NGfc2ExtrudedAreaSolidTaperedShape.h">
      <Filter>头文件</Filter>
    </ClInclude>
    <ClInclude Include="NGfc2ExtrudedBody.h">
      <Filter>头文件</Filter>
    </ClInclude>
    <ClInclude Include="NGfc2Face.h">
      <Filter>头文件</Filter>
    </ClInclude>
    <ClInclude Include="NGfc2Floor.h">
      <Filter>头文件</Filter>
    </ClInclude>
    <ClInclude Include="NGfc2GeoListProperty.h">
      <Filter>头文件</Filter>
    </ClInclude>
    <ClInclude Include="NGfc2Geometry.h">
      <Filter>头文件</Filter>
    </ClInclude>
    <ClInclude Include="NGfc2GeometryShape.h">
      <Filter>头文件</Filter>
    </ClInclude>
    <ClInclude Include="NGfc2GeoProperty.h">
      <Filter>头文件</Filter>
    </ClInclude>
    <ClInclude Include="NGfc2HalfSpaceSolidShape.h">
      <Filter>头文件</Filter>
    </ClInclude>
    <ClInclude Include="NGfc2Helicoid.h">
      <Filter>头文件</Filter>
    </ClInclude>
    <ClInclude Include="NGfc2ImageCurve3d.h">
      <Filter>头文件</Filter>
    </ClInclude>
    <ClInclude Include="NGfc2IndexedColourMap.h">
      <Filter>头文件</Filter>
    </ClInclude>
    <ClInclude Include="NGfc2IndexedTextureMap.h">
      <Filter>头文件</Filter>
    </ClInclude>
    <ClInclude Include="NGfc2IntegerListProperty.h">
      <Filter>头文件</Filter>
    </ClInclude>
    <ClInclude Include="NGfc2IntegerProperty.h">
      <Filter>头文件</Filter>
    </ClInclude>
    <ClInclude Include="NGfc2InternalChart.h">
      <Filter>头文件</Filter>
    </ClInclude>
    <ClInclude Include="NGfc2InternalPt.h">
      <Filter>头文件</Filter>
    </ClInclude>
    <ClInclude Include="NGfc2IntersectionCurve3d.h">
      <Filter>头文件</Filter>
    </ClInclude>
    <ClInclude Include="NGfc2Intervald.h">
      <Filter>头文件</Filter>
    </ClInclude>
    <ClInclude Include="NGfc2LightSource.h">
      <Filter>头文件</Filter>
    </ClInclude>
    <ClInclude Include="NGfc2LightSourceAmbient.h">
      <Filter>头文件</Filter>
    </ClInclude>
    <ClInclude Include="NGfc2LightSourceDirectional.h">
      <Filter>头文件</Filter>
    </ClInclude>
    <ClInclude Include="NGfc2LightSourcePositional.h">
      <Filter>头文件</Filter>
    </ClInclude>
    <ClInclude Include="NGfc2Line2d.h">
      <Filter>头文件</Filter>
    </ClInclude>
    <ClInclude Include="NGfc2Line3d.h">
      <Filter>头文件</Filter>
    </ClInclude>
    <ClInclude Include="NGfc2ListProperty.h">
      <Filter>头文件</Filter>
    </ClInclude>
    <ClInclude Include="NGfc2LShapeSection.h">
      <Filter>头文件</Filter>
    </ClInclude>
    <ClInclude Include="NGfc2ManifoldSolidShape.h">
      <Filter>头文件</Filter>
    </ClInclude>
    <ClInclude Include="NGfc2Matrix.h">
      <Filter>头文件</Filter>
    </ClInclude>
    <ClInclude Include="NGfc2NurbsCtrlPt2d.h">
      <Filter>头文件</Filter>
    </ClInclude>
    <ClInclude Include="NGfc2NurbsCtrlPt3d.h">
      <Filter>头文件</Filter>
    </ClInclude>
    <ClInclude Include="NGfc2NurbsCurve2d.h">
      <Filter>头文件</Filter>
    </ClInclude>
    <ClInclude Include="NGfc2NurbsCurve3d.h">
      <Filter>头文件</Filter>
    </ClInclude>
    <ClInclude Include="NGfc2NurbsSurface.h">
      <Filter>头文件</Filter>
    </ClInclude>
    <ClInclude Include="NGfc2Object.h">
      <Filter>头文件</Filter>
    </ClInclude>
    <ClInclude Include="NGfc2OffsetCurve2d.h">
      <Filter>头文件</Filter>
    </ClInclude>
    <ClInclude Include="NGfc2ParameterizedSection.h">
      <Filter>头文件</Filter>
    </ClInclude>
    <ClInclude Include="NGfc2ParametricShape.h">
      <Filter>头文件</Filter>
    </ClInclude>
    <ClInclude Include="NGfc2Plane.h">
      <Filter>头文件</Filter>
    </ClInclude>
    <ClInclude Include="NGfc2PlaneCoef.h">
      <Filter>头文件</Filter>
    </ClInclude>
    <ClInclude Include="NGfc2PlaneCurve3d.h">
      <Filter>头文件</Filter>
    </ClInclude>
    <ClInclude Include="NGfc2PlaneInfo.h">
      <Filter>头文件</Filter>
    </ClInclude>
    <ClInclude Include="NGfc2Polygon.h">
      <Filter>头文件</Filter>
    </ClInclude>
    <ClInclude Include="NGfc2PolyhedralEdge.h">
      <Filter>头文件</Filter>
    </ClInclude>
    <ClInclude Include="NGfc2PolyhedralFace.h">
      <Filter>头文件</Filter>
    </ClInclude>
    <ClInclude Include="NGfc2PolyhedralLoop.h">
      <Filter>头文件</Filter>
    </ClInclude>
    <ClInclude Include="NGfc2PolyhedronBody.h">
      <Filter>头文件</Filter>
    </ClInclude>
    <ClInclude Include="NGfc2PreimageCurve2d.h">
      <Filter>头文件</Filter>
    </ClInclude>
    <ClInclude Include="NGfc2PrimitiveBody.h">
      <Filter>头文件</Filter>
    </ClInclude>
    <ClInclude Include="NGfc2PrimitiveRenderable.h">
      <Filter>头文件</Filter>
    </ClInclude>
    <ClInclude Include="NGfc2PrimitiveShape.h">
      <Filter>头文件</Filter>
    </ClInclude>
    <ClInclude Include="NGfc2Project.h">
      <Filter>头文件</Filter>
    </ClInclude>
    <ClInclude Include="NGfc2Property.h">
      <Filter>头文件</Filter>
    </ClInclude>
    <ClInclude Include="NGfc2PropertySet.h">
      <Filter>头文件</Filter>
    </ClInclude>
    <ClInclude Include="NGfc2QuotaDetail.h">
      <Filter>头文件</Filter>
    </ClInclude>
    <ClInclude Include="NGfc2QuotaTotal.h">
      <Filter>头文件</Filter>
    </ClInclude>
    <ClInclude Include="NGfc2RectangleHollowSection.h">
      <Filter>头文件</Filter>
    </ClInclude>
    <ClInclude Include="NGfc2RectangleSection.h">
      <Filter>头文件</Filter>
    </ClInclude>
    <ClInclude Include="NGfc2RefString.h">
      <Filter>头文件</Filter>
    </ClInclude>
    <ClInclude Include="NGfc2RelAggregates.h">
      <Filter>头文件</Filter>
    </ClInclude>
    <ClInclude Include="NGfc2RelationShip.h">
      <Filter>头文件</Filter>
    </ClInclude>
    <ClInclude Include="NGfc2RelConnects.h">
      <Filter>头文件</Filter>
    </ClInclude>
    <ClInclude Include="NGfc2RelConnectsElements.h">
      <Filter>头文件</Filter>
    </ClInclude>
    <ClInclude Include="NGfc2RelConnectsPathElements.h">
      <Filter>头文件</Filter>
    </ClInclude>
    <ClInclude Include="NGfc2RelConnectsWithRealizingElements.h">
      <Filter>头文件</Filter>
    </ClInclude>
    <ClInclude Include="NGfc2RelCoversBldgElements.h">
      <Filter>头文件</Filter>
    </ClInclude>
    <ClInclude Include="NGfc2RelDecomposes.h">
      <Filter>头文件</Filter>
    </ClInclude>
    <ClInclude Include="NGfc2RelDefines.h">
      <Filter>头文件</Filter>
    </ClInclude>
    <ClInclude Include="NGfc2RelDefinesByProperties.h">
      <Filter>头文件</Filter>
    </ClInclude>
    <ClInclude Include="NGfc2RelDefinesByType.h">
      <Filter>头文件</Filter>
    </ClInclude>
    <ClInclude Include="NGfc2RelVoidsElement.h">
      <Filter>头文件</Filter>
    </ClInclude>
    <ClInclude Include="NGfc2Representation.h">
      <Filter>头文件</Filter>
    </ClInclude>
    <ClInclude Include="NGfc2RepresentationItem.h">
      <Filter>头文件</Filter>
    </ClInclude>
    <ClInclude Include="NGfc2RevolvedAreaSolidShape.h">
      <Filter>头文件</Filter>
    </ClInclude>
    <ClInclude Include="NGfc2RevolvedAreaSolidTaperedShape.h">
      <Filter>头文件</Filter>
    </ClInclude>
    <ClInclude Include="NGfc2Root.h">
      <Filter>头文件</Filter>
    </ClInclude>
    <ClInclude Include="NGfc2RuledSurface.h">
      <Filter>头文件</Filter>
    </ClInclude>
    <ClInclude Include="NGfc2Section.h">
      <Filter>头文件</Filter>
    </ClInclude>
    <ClInclude Include="NGfc2SectionListProperty.h">
      <Filter>头文件</Filter>
    </ClInclude>
    <ClInclude Include="NGfc2SectionProperty.h">
      <Filter>头文件</Filter>
    </ClInclude>
    <ClInclude Include="NGfc2Shape.h">
      <Filter>头文件</Filter>
    </ClInclude>
    <ClInclude Include="NGfc2SimpleLoop.h">
      <Filter>头文件</Filter>
    </ClInclude>
    <ClInclude Include="NGfc2SimplePolygon.h">
      <Filter>头文件</Filter>
    </ClInclude>
    <ClInclude Include="NGfc2SimpleProperty.h">
      <Filter>头文件</Filter>
    </ClInclude>
    <ClInclude Include="NGfc2SimpleVertex.h">
      <Filter>头文件</Filter>
    </ClInclude>
    <ClInclude Include="NGfc2SinCurve2d.h">
      <Filter>头文件</Filter>
    </ClInclude>
    <ClInclude Include="NGfc2SingleProperty.h">
      <Filter>头文件</Filter>
    </ClInclude>
    <ClInclude Include="NGfc2Site.h">
      <Filter>头文件</Filter>
    </ClInclude>
    <ClInclude Include="NGfc2SolidShape.h">
      <Filter>头文件</Filter>
    </ClInclude>
    <ClInclude Include="NGfc2SpatialStructureElement.h">
      <Filter>头文件</Filter>
    </ClInclude>
    <ClInclude Include="NGfc2Sphere.h">
      <Filter>头文件</Filter>
    </ClInclude>
    <ClInclude Include="NGfc2SphereShape.h">
      <Filter>头文件</Filter>
    </ClInclude>
    <ClInclude Include="NGfc2SpiralLine2d.h">
      <Filter>头文件</Filter>
    </ClInclude>
    <ClInclude Include="NGfc2SpiralLine3d.h">
      <Filter>头文件</Filter>
    </ClInclude>
    <ClInclude Include="NGfc2SteelDetail.h">
      <Filter>头文件</Filter>
    </ClInclude>
    <ClInclude Include="NGfc2SteelTotal.h">
      <Filter>头文件</Filter>
    </ClInclude>
    <ClInclude Include="NGfc2StringListProperty.h">
      <Filter>头文件</Filter>
    </ClInclude>
    <ClInclude Include="NGfc2StringProperty.h">
      <Filter>头文件</Filter>
    </ClInclude>
    <ClInclude Include="NGfc2Surface.h">
      <Filter>头文件</Filter>
    </ClInclude>
    <ClInclude Include="NGfc2SurfaceCurveSweptAreaSolidShape.h">
      <Filter>头文件</Filter>
    </ClInclude>
    <ClInclude Include="NGfc2SurfaceTexture.h">
      <Filter>头文件</Filter>
    </ClInclude>
    <ClInclude Include="NGfc2Sweep.h">
      <Filter>头文件</Filter>
    </ClInclude>
    <ClInclude Include="NGfc2SweepCurve3d.h">
      <Filter>头文件</Filter>
    </ClInclude>
    <ClInclude Include="NGfc2SweptAreaSolidShape.h">
      <Filter>头文件</Filter>
    </ClInclude>
    <ClInclude Include="NGfc2Topology.h">
      <Filter>头文件</Filter>
    </ClInclude>
    <ClInclude Include="NGfc2Torus.h">
      <Filter>头文件</Filter>
    </ClInclude>
    <ClInclude Include="NGfc2TShapeSection.h">
      <Filter>头文件</Filter>
    </ClInclude>
    <ClInclude Include="NGfc2UnaryBooleanResult.h">
      <Filter>头文件</Filter>
    </ClInclude>
    <ClInclude Include="NGfc2Vector2d.h">
      <Filter>头文件</Filter>
    </ClInclude>
    <ClInclude Include="NGfc2Vector3d.h">
      <Filter>头文件</Filter>
    </ClInclude>
    <ClInclude Include="NTypeDef.h">
      <Filter>头文件</Filter>
    </ClInclude>
    <ClInclude Include="NGfcEntity.h">
      <Filter>头文件</Filter>
    </ClInclude>
    <ClInclude Include="NGfcWriter.h">
      <Filter>头文件</Filter>
    </ClInclude>
  </ItemGroup>
  <ItemGroup>
    <ClCompile Include="NGfc2ArbitrarySection.cpp">
      <Filter>源文件</Filter>
    </ClCompile>
    <ClCompile Include="NGfc2Arc2d.cpp">
      <Filter>源文件</Filter>
    </ClCompile>
    <ClCompile Include="NGfc2Arc3d.cpp">
      <Filter>源文件</Filter>
    </ClCompile>
    <ClCompile Include="NGfc2Bevel.cpp">
      <Filter>源文件</Filter>
    </ClCompile>
    <ClCompile Include="NGfc2BillDetail.cpp">
      <Filter>源文件</Filter>
    </ClCompile>
    <ClCompile Include="NGfc2BillTotal.cpp">
      <Filter>源文件</Filter>
    </ClCompile>
    <ClCompile Include="NGfc2BinaryBooleanResult.cpp">
      <Filter>源文件</Filter>
    </ClCompile>
    <ClCompile Include="NGfc2BlockShape.cpp">
      <Filter>源文件</Filter>
    </ClCompile>
    <ClCompile Include="NGfc2Body.cpp">
      <Filter>源文件</Filter>
    </ClCompile>
    <ClCompile Include="NGfc2BooleanListProperty.cpp">
      <Filter>源文件</Filter>
    </ClCompile>
    <ClCompile Include="NGfc2BooleanProperty.cpp">
      <Filter>源文件</Filter>
    </ClCompile>
    <ClCompile Include="NGfc2BooleanResult.cpp">
      <Filter>源文件</Filter>
    </ClCompile>
    <ClCompile Include="NGfc2Box3d.cpp">
      <Filter>源文件</Filter>
    </ClCompile>
    <ClCompile Include="NGfc2BrepBody.cpp">
      <Filter>源文件</Filter>
    </ClCompile>
    <ClCompile Include="NGfc2Building.cpp">
      <Filter>源文件</Filter>
    </ClCompile>
    <ClCompile Include="NGfc2CircleHollowSection.cpp">
      <Filter>源文件</Filter>
    </ClCompile>
    <ClCompile Include="NGfc2CircleSection.cpp">
      <Filter>源文件</Filter>
    </ClCompile>
    <ClCompile Include="NGfc2Coedge.cpp">
      <Filter>源文件</Filter>
    </ClCompile>
    <ClCompile Include="NGfc2CoedgeList.cpp">
      <Filter>源文件</Filter>
    </ClCompile>
    <ClCompile Include="NGfc2CoedgeListEx.cpp">
      <Filter>源文件</Filter>
    </ClCompile>
    <ClCompile Include="NGfc2Color.cpp">
      <Filter>源文件</Filter>
    </ClCompile>
    <ClCompile Include="NGfc2CommonPolygon.cpp">
      <Filter>源文件</Filter>
    </ClCompile>
    <ClCompile Include="NGfc2CommonPolygonEx.cpp">
      <Filter>源文件</Filter>
    </ClCompile>
    <ClCompile Include="NGfc2ComplexProperty.cpp">
      <Filter>源文件</Filter>
    </ClCompile>
    <ClCompile Include="NGfc2CompositeCurve2dSweptSolidShape.cpp">
      <Filter>源文件</Filter>
    </ClCompile>
    <ClCompile Include="NGfc2CompositeCurve3dSweptSolidShape.cpp">
      <Filter>源文件</Filter>
    </ClCompile>
    <ClCompile Include="NGfc2ConeShape.cpp">
      <Filter>源文件</Filter>
    </ClCompile>
    <ClCompile Include="NGfc2ConnectionCurveGeometry.cpp">
      <Filter>源文件</Filter>
    </ClCompile>
    <ClCompile Include="NGfc2ConnectionGeometry.cpp">
      <Filter>源文件</Filter>
    </ClCompile>
    <ClCompile Include="NGfc2ConnectionPointGeometry.cpp">
      <Filter>源文件</Filter>
    </ClCompile>
    <ClCompile Include="NGfc2ConnectionSurfaceGeometry.cpp">
      <Filter>源文件</Filter>
    </ClCompile>
    <ClCompile Include="NGfc2ConnectionVolumeGeometry.cpp">
      <Filter>源文件</Filter>
    </ClCompile>
    <ClCompile Include="NGfc2Coordinates2d.cpp">
      <Filter>源文件</Filter>
    </ClCompile>
    <ClCompile Include="NGfc2Coordinates3d.cpp">
      <Filter>源文件</Filter>
    </ClCompile>
    <ClCompile Include="NGfc2CsgSolidShape.cpp">
      <Filter>源文件</Filter>
    </ClCompile>
    <ClCompile Include="NGfc2CuboidBody.cpp">
      <Filter>源文件</Filter>
    </ClCompile>
    <ClCompile Include="NGfc2Curve2d.cpp">
      <Filter>源文件</Filter>
    </ClCompile>
    <ClCompile Include="NGfc2Curve3d.cpp">
      <Filter>源文件</Filter>
    </ClCompile>
    <ClCompile Include="NGfc2Cylinder.cpp">
      <Filter>源文件</Filter>
    </ClCompile>
    <ClCompile Include="NGfc2CylinderShape.cpp">
      <Filter>源文件</Filter>
    </ClCompile>
    <ClCompile Include="NGfc2DoubleListProperty.cpp">
      <Filter>源文件</Filter>
    </ClCompile>
    <ClCompile Include="NGfc2DoubleProperty.cpp">
      <Filter>源文件</Filter>
    </ClCompile>
    <ClCompile Include="NGfc2Edge.cpp">
      <Filter>源文件</Filter>
    </ClCompile>
    <ClCompile Include="NGfc2Element.cpp">
      <Filter>源文件</Filter>
    </ClCompile>
    <ClCompile Include="NGfc2ElementShape.cpp">
      <Filter>源文件</Filter>
    </ClCompile>
    <ClCompile Include="NGfc2ElementType.cpp">
      <Filter>源文件</Filter>
    </ClCompile>
    <ClCompile Include="NGfc2Ellipse2d.cpp">
      <Filter>源文件</Filter>
    </ClCompile>
    <ClCompile Include="NGfc2Ellipse3d.cpp">
      <Filter>源文件</Filter>
    </ClCompile>
    <ClCompile Include="NGfc2EllipseSection.cpp">
      <Filter>源文件</Filter>
    </ClCompile>
    <ClCompile Include="NGfc2EntityListProperty.cpp">
      <Filter>源文件</Filter>
    </ClCompile>
    <ClCompile Include="NGfc2EntityProperty.cpp">
      <Filter>源文件</Filter>
    </ClCompile>
    <ClCompile Include="NGfc2ExtrudedAreaSolidShape.cpp">
      <Filter>源文件</Filter>
    </ClCompile>
    <ClCompile Include="NGfc2ExtrudedAreaSolidTaperedShape.cpp">
      <Filter>源文件</Filter>
    </ClCompile>
    <ClCompile Include="NGfc2ExtrudedBody.cpp">
      <Filter>源文件</Filter>
    </ClCompile>
    <ClCompile Include="NGfc2Face.cpp">
      <Filter>源文件</Filter>
    </ClCompile>
    <ClCompile Include="NGfc2Floor.cpp">
      <Filter>源文件</Filter>
    </ClCompile>
    <ClCompile Include="NGfc2GeoListProperty.cpp">
      <Filter>源文件</Filter>
    </ClCompile>
    <ClCompile Include="NGfc2Geometry.cpp">
      <Filter>源文件</Filter>
    </ClCompile>
    <ClCompile Include="NGfc2GeometryShape.cpp">
      <Filter>源文件</Filter>
    </ClCompile>
    <ClCompile Include="NGfc2GeoProperty.cpp">
      <Filter>源文件</Filter>
    </ClCompile>
    <ClCompile Include="NGfc2HalfSpaceSolidShape.cpp">
      <Filter>源文件</Filter>
    </ClCompile>
    <ClCompile Include="NGfc2Helicoid.cpp">
      <Filter>源文件</Filter>
    </ClCompile>
    <ClCompile Include="NGfc2ImageCurve3d.cpp">
      <Filter>源文件</Filter>
    </ClCompile>
    <ClCompile Include="NGfc2IndexedColourMap.cpp">
      <Filter>源文件</Filter>
    </ClCompile>
    <ClCompile Include="NGfc2IndexedTextureMap.cpp">
      <Filter>源文件</Filter>
    </ClCompile>
    <ClCompile Include="NGfc2IntegerListProperty.cpp">
      <Filter>源文件</Filter>
    </ClCompile>
    <ClCompile Include="NGfc2IntegerProperty.cpp">
      <Filter>源文件</Filter>
    </ClCompile>
    <ClCompile Include="NGfc2InternalChart.cpp">
      <Filter>源文件</Filter>
    </ClCompile>
    <ClCompile Include="NGfc2InternalPt.cpp">
      <Filter>源文件</Filter>
    </ClCompile>
    <ClCompile Include="NGfc2IntersectionCurve3d.cpp">
      <Filter>源文件</Filter>
    </ClCompile>
    <ClCompile Include="NGfc2Intervald.cpp">
      <Filter>源文件</Filter>
    </ClCompile>
    <ClCompile Include="NGfc2LightSource.cpp">
      <Filter>源文件</Filter>
    </ClCompile>
    <ClCompile Include="NGfc2LightSourceAmbient.cpp">
      <Filter>源文件</Filter>
    </ClCompile>
    <ClCompile Include="NGfc2LightSourceDirectional.cpp">
      <Filter>源文件</Filter>
    </ClCompile>
    <ClCompile Include="NGfc2LightSourcePositional.cpp">
      <Filter>源文件</Filter>
    </ClCompile>
    <ClCompile Include="NGfc2Line2d.cpp">
      <Filter>源文件</Filter>
    </ClCompile>
    <ClCompile Include="NGfc2Line3d.cpp">
      <Filter>源文件</Filter>
    </ClCompile>
    <ClCompile Include="NGfc2ListProperty.cpp">
      <Filter>源文件</Filter>
    </ClCompile>
    <ClCompile Include="NGfc2LShapeSection.cpp">
      <Filter>源文件</Filter>
    </ClCompile>
    <ClCompile Include="NGfc2ManifoldSolidShape.cpp">
      <Filter>源文件</Filter>
    </ClCompile>
    <ClCompile Include="NGfc2Matrix.cpp">
      <Filter>源文件</Filter>
    </ClCompile>
    <ClCompile Include="NGfc2NurbsCtrlPt2d.cpp">
      <Filter>源文件</Filter>
    </ClCompile>
    <ClCompile Include="NGfc2NurbsCtrlPt3d.cpp">
      <Filter>源文件</Filter>
    </ClCompile>
    <ClCompile Include="NGfc2NurbsCurve2d.cpp">
      <Filter>源文件</Filter>
    </ClCompile>
    <ClCompile Include="NGfc2NurbsCurve3d.cpp">
      <Filter>源文件</Filter>
    </ClCompile>
    <ClCompile Include="NGfc2NurbsSurface.cpp">
      <Filter>源文件</Filter>
    </ClCompile>
    <ClCompile Include="NGfc2Object.cpp">
      <Filter>源文件</Filter>
    </ClCompile>
    <ClCompile Include="NGfc2OffsetCurve2d.cpp">
      <Filter>源文件</Filter>
    </ClCompile>
    <ClCompile Include="NGfc2ParameterizedSection.cpp">
      <Filter>源文件</Filter>
    </ClCompile>
    <ClCompile Include="NGfc2ParametricShape.cpp">
      <Filter>源文件</Filter>
    </ClCompile>
    <ClCompile Include="NGfc2Plane.cpp">
      <Filter>源文件</Filter>
    </ClCompile>
    <ClCompile Include="NGfc2PlaneCoef.cpp">
      <Filter>源文件</Filter>
    </ClCompile>
    <ClCompile Include="NGfc2PlaneCurve3d.cpp">
      <Filter>源文件</Filter>
    </ClCompile>
    <ClCompile Include="NGfc2PlaneInfo.cpp">
      <Filter>源文件</Filter>
    </ClCompile>
    <ClCompile Include="NGfc2Polygon.cpp">
      <Filter>源文件</Filter>
    </ClCompile>
    <ClCompile Include="NGfc2PolyhedralEdge.cpp">
      <Filter>源文件</Filter>
    </ClCompile>
    <ClCompile Include="NGfc2PolyhedralFace.cpp">
      <Filter>源文件</Filter>
    </ClCompile>
    <ClCompile Include="NGfc2PolyhedralLoop.cpp">
      <Filter>源文件</Filter>
    </ClCompile>
    <ClCompile Include="NGfc2PolyhedronBody.cpp">
      <Filter>源文件</Filter>
    </ClCompile>
    <ClCompile Include="NGfc2PreimageCurve2d.cpp">
      <Filter>源文件</Filter>
    </ClCompile>
    <ClCompile Include="NGfc2PrimitiveBody.cpp">
      <Filter>源文件</Filter>
    </ClCompile>
    <ClCompile Include="NGfc2PrimitiveRenderable.cpp">
      <Filter>源文件</Filter>
    </ClCompile>
    <ClCompile Include="NGfc2PrimitiveShape.cpp">
      <Filter>源文件</Filter>
    </ClCompile>
    <ClCompile Include="NGfc2Project.cpp">
      <Filter>源文件</Filter>
    </ClCompile>
    <ClCompile Include="NGfc2Property.cpp">
      <Filter>源文件</Filter>
    </ClCompile>
    <ClCompile Include="NGfc2PropertySet.cpp">
      <Filter>源文件</Filter>
    </ClCompile>
    <ClCompile Include="NGfc2QuotaDetail.cpp">
      <Filter>源文件</Filter>
    </ClCompile>
    <ClCompile Include="NGfc2QuotaTotal.cpp">
      <Filter>源文件</Filter>
    </ClCompile>
    <ClCompile Include="NGfc2RectangleHollowSection.cpp">
      <Filter>源文件</Filter>
    </ClCompile>
    <ClCompile Include="NGfc2RectangleSection.cpp">
      <Filter>源文件</Filter>
    </ClCompile>
    <ClCompile Include="NGfc2RefString.cpp">
      <Filter>源文件</Filter>
    </ClCompile>
    <ClCompile Include="NGfc2RelAggregates.cpp">
      <Filter>源文件</Filter>
    </ClCompile>
    <ClCompile Include="NGfc2RelationShip.cpp">
      <Filter>源文件</Filter>
    </ClCompile>
    <ClCompile Include="NGfc2RelConnects.cpp">
      <Filter>源文件</Filter>
    </ClCompile>
    <ClCompile Include="NGfc2RelConnectsElements.cpp">
      <Filter>源文件</Filter>
    </ClCompile>
    <ClCompile Include="NGfc2RelConnectsPathElements.cpp">
      <Filter>源文件</Filter>
    </ClCompile>
    <ClCompile Include="NGfc2RelConnectsWithRealizingElements.cpp">
      <Filter>源文件</Filter>
    </ClCompile>
    <ClCompile Include="NGfc2RelCoversBldgElements.cpp">
      <Filter>源文件</Filter>
    </ClCompile>
    <ClCompile Include="NGfc2RelDecomposes.cpp">
      <Filter>源文件</Filter>
    </ClCompile>
    <ClCompile Include="NGfc2RelDefines.cpp">
      <Filter>源文件</Filter>
    </ClCompile>
    <ClCompile Include="NGfc2RelDefinesByProperties.cpp">
      <Filter>源文件</Filter>
    </ClCompile>
    <ClCompile Include="NGfc2RelDefinesByType.cpp">
      <Filter>源文件</Filter>
    </ClCompile>
    <ClCompile Include="NGfc2RelVoidsElement.cpp">
      <Filter>源文件</Filter>
    </ClCompile>
    <ClCompile Include="NGfc2Representation.cpp">
      <Filter>源文件</Filter>
    </ClCompile>
    <ClCompile Include="NGfc2RepresentationItem.cpp">
      <Filter>源文件</Filter>
    </ClCompile>
    <ClCompile Include="NGfc2RevolvedAreaSolidShape.cpp">
      <Filter>源文件</Filter>
    </ClCompile>
    <ClCompile Include="NGfc2RevolvedAreaSolidTaperedShape.cpp">
      <Filter>源文件</Filter>
    </ClCompile>
    <ClCompile Include="NGfc2Root.cpp">
      <Filter>源文件</Filter>
    </ClCompile>
    <ClCompile Include="NGfc2RuledSurface.cpp">
      <Filter>源文件</Filter>
    </ClCompile>
    <ClCompile Include="NGfc2Section.cpp">
      <Filter>源文件</Filter>
    </ClCompile>
    <ClCompile Include="NGfc2SectionListProperty.cpp">
      <Filter>源文件</Filter>
    </ClCompile>
    <ClCompile Include="NGfc2SectionProperty.cpp">
      <Filter>源文件</Filter>
    </ClCompile>
    <ClCompile Include="NGfc2Shape.cpp">
      <Filter>源文件</Filter>
    </ClCompile>
    <ClCompile Include="NGfc2SimpleLoop.cpp">
      <Filter>源文件</Filter>
    </ClCompile>
    <ClCompile Include="NGfc2SimplePolygon.cpp">
      <Filter>源文件</Filter>
    </ClCompile>
    <ClCompile Include="NGfc2SimpleProperty.cpp">
      <Filter>源文件</Filter>
    </ClCompile>
    <ClCompile Include="NGfc2SimpleVertex.cpp">
      <Filter>源文件</Filter>
    </ClCompile>
    <ClCompile Include="NGfc2SinCurve2d.cpp">
      <Filter>源文件</Filter>
    </ClCompile>
    <ClCompile Include="NGfc2SingleProperty.cpp">
      <Filter>源文件</Filter>
    </ClCompile>
    <ClCompile Include="NGfc2Site.cpp">
      <Filter>源文件</Filter>
    </ClCompile>
    <ClCompile Include="NGfc2SolidShape.cpp">
      <Filter>源文件</Filter>
    </ClCompile>
    <ClCompile Include="NGfc2SpatialStructureElement.cpp">
      <Filter>源文件</Filter>
    </ClCompile>
    <ClCompile Include="NGfc2Sphere.cpp">
      <Filter>源文件</Filter>
    </ClCompile>
    <ClCompile Include="NGfc2SphereShape.cpp">
      <Filter>源文件</Filter>
    </ClCompile>
    <ClCompile Include="NGfc2SpiralLine2d.cpp">
      <Filter>源文件</Filter>
    </ClCompile>
    <ClCompile Include="NGfc2SpiralLine3d.cpp">
      <Filter>源文件</Filter>
    </ClCompile>
    <ClCompile Include="NGfc2SteelDetail.cpp">
      <Filter>源文件</Filter>
    </ClCompile>
    <ClCompile Include="NGfc2SteelTotal.cpp">
      <Filter>源文件</Filter>
    </ClCompile>
    <ClCompile Include="NGfc2StringListProperty.cpp">
      <Filter>源文件</Filter>
    </ClCompile>
    <ClCompile Include="NGfc2StringProperty.cpp">
      <Filter>源文件</Filter>
    </ClCompile>
    <ClCompile Include="NGfc2Surface.cpp">
      <Filter>源文件</Filter>
    </ClCompile>
    <ClCompile Include="NGfc2SurfaceCurveSweptAreaSolidShape.cpp">
      <Filter>源文件</Filter>
    </ClCompile>
    <ClCompile Include="NGfc2SurfaceTexture.cpp">
      <Filter>源文件</Filter>
    </ClCompile>
    <ClCompile Include="NGfc2Sweep.cpp">
      <Filter>源文件</Filter>
    </ClCompile>
    <ClCompile Include="NGfc2SweepCurve3d.cpp">
      <Filter>源文件</Filter>
    </ClCompile>
    <ClCompile Include="NGfc2SweptAreaSolidShape.cpp">
      <Filter>源文件</Filter>
    </ClCompile>
    <ClCompile Include="NGfc2Topology.cpp">
      <Filter>源文件</Filter>
    </ClCompile>
    <ClCompile Include="NGfc2Torus.cpp">
      <Filter>源文件</Filter>
    </ClCompile>
    <ClCompile Include="NGfc2TShapeSection.cpp">
      <Filter>源文件</Filter>
    </ClCompile>
    <ClCompile Include="NGfc2UnaryBooleanResult.cpp">
      <Filter>源文件</Filter>
    </ClCompile>
    <ClCompile Include="NGfc2Vector2d.cpp">
      <Filter>源文件</Filter>
    </ClCompile>
    <ClCompile Include="NGfc2Vector3d.cpp">
      <Filter>源文件</Filter>
    </ClCompile>
    <ClCompile Include="NGfcEntity.cpp">
      <Filter>源文件</Filter>
    </ClCompile>
    <ClCompile Include="NGfcWriter.cpp">
      <Filter>源文件</Filter>
    </ClCompile>
  </ItemGroup>
</Project>