<?xml version="1.0" encoding="utf-8"?>
<Project ToolsVersion="4.0" xmlns="http://schemas.microsoft.com/developer/msbuild/2003">
  <ItemGroup>
    <Filter Include="源文件">
      <UniqueIdentifier>{4FC737F1-C7A5-4376-A066-2A32D752A2FF}</UniqueIdentifier>
      <Extensions>cpp;c;cc;cxx;def;odl;idl;hpj;bat;asm;asmx</Extensions>
    </Filter>
    <Filter Include="头文件">
      <UniqueIdentifier>{93995380-89BD-4b04-88EB-625FBE52EBFB}</UniqueIdentifier>
      <Extensions>h;hpp;hxx;hm;inl;inc;xsd</Extensions>
    </Filter>
    <Filter Include="资源文件">
      <UniqueIdentifier>{67DA6AB6-F800-4c08-8B7A-83BB121AAD01}</UniqueIdentifier>
      <Extensions>rc;ico;cur;bmp;dlg;rc2;rct;bin;rgs;gif;jpg;jpeg;jpe;resx;tiff;tif;png;wav;mfcribbon-ms</Extensions>
    </Filter>
    <Filter Include="Classes">
      <UniqueIdentifier>{e572fe6b-58de-47d5-837c-03add317c339}</UniqueIdentifier>
    </Filter>
  </ItemGroup>
  <ItemGroup>
    <None Include="ReadMe.txt" />
  </ItemGroup>
  <ItemGroup>
    <ClCompile Include="NGfcEntity.cpp">
      <Filter>源文件</Filter>
    </ClCompile>
    <ClCompile Include="NGfcWriter.cpp">
      <Filter>源文件</Filter>
    </ClCompile>
    <ClCompile Include="Classes\NGfc2ArbitrarySection.cpp">
      <Filter>Classes</Filter>
    </ClCompile>
    <ClCompile Include="Classes\NGfc2Arc2d.cpp">
      <Filter>Classes</Filter>
    </ClCompile>
    <ClCompile Include="Classes\NGfc2Arc3d.cpp">
      <Filter>Classes</Filter>
    </ClCompile>
    <ClCompile Include="Classes\NGfc2Bevel.cpp">
      <Filter>Classes</Filter>
    </ClCompile>
    <ClCompile Include="Classes\NGfc2BillDetail.cpp">
      <Filter>Classes</Filter>
    </ClCompile>
    <ClCompile Include="Classes\NGfc2BillTotal.cpp">
      <Filter>Classes</Filter>
    </ClCompile>
    <ClCompile Include="Classes\NGfc2BinaryBooleanResult.cpp">
      <Filter>Classes</Filter>
    </ClCompile>
    <ClCompile Include="Classes\NGfc2BlockShape.cpp">
      <Filter>Classes</Filter>
    </ClCompile>
    <ClCompile Include="Classes\NGfc2Body.cpp">
      <Filter>Classes</Filter>
    </ClCompile>
    <ClCompile Include="Classes\NGfc2BooleanListProperty.cpp">
      <Filter>Classes</Filter>
    </ClCompile>
    <ClCompile Include="Classes\NGfc2BooleanProperty.cpp">
      <Filter>Classes</Filter>
    </ClCompile>
    <ClCompile Include="Classes\NGfc2BooleanResult.cpp">
      <Filter>Classes</Filter>
    </ClCompile>
    <ClCompile Include="Classes\NGfc2Box3d.cpp">
      <Filter>Classes</Filter>
    </ClCompile>
    <ClCompile Include="Classes\NGfc2BrepBody.cpp">
      <Filter>Classes</Filter>
    </ClCompile>
    <ClCompile Include="Classes\NGfc2Building.cpp">
      <Filter>Classes</Filter>
    </ClCompile>
    <ClCompile Include="Classes\NGfc2CircleHollowSection.cpp">
      <Filter>Classes</Filter>
    </ClCompile>
    <ClCompile Include="Classes\NGfc2CircleSection.cpp">
      <Filter>Classes</Filter>
    </ClCompile>
    <ClCompile Include="Classes\NGfc2Coedge.cpp">
      <Filter>Classes</Filter>
    </ClCompile>
    <ClCompile Include="Classes\NGfc2CoedgeList.cpp">
      <Filter>Classes</Filter>
    </ClCompile>
    <ClCompile Include="Classes\NGfc2CoedgeListEx.cpp">
      <Filter>Classes</Filter>
    </ClCompile>
    <ClCompile Include="Classes\NGfc2Color.cpp">
      <Filter>Classes</Filter>
    </ClCompile>
    <ClCompile Include="Classes\NGfc2CommonPolygon.cpp">
      <Filter>Classes</Filter>
    </ClCompile>
    <ClCompile Include="Classes\NGfc2CommonPolygonEx.cpp">
      <Filter>Classes</Filter>
    </ClCompile>
    <ClCompile Include="Classes\NGfc2ComplexProperty.cpp">
      <Filter>Classes</Filter>
    </ClCompile>
    <ClCompile Include="Classes\NGfc2CompositeCurve2dSweptSolidShape.cpp">
      <Filter>Classes</Filter>
    </ClCompile>
    <ClCompile Include="Classes\NGfc2CompositeCurve3dSweptSolidShape.cpp">
      <Filter>Classes</Filter>
    </ClCompile>
    <ClCompile Include="Classes\NGfc2ConeShape.cpp">
      <Filter>Classes</Filter>
    </ClCompile>
    <ClCompile Include="Classes\NGfc2ConnectionCurveGeometry.cpp">
      <Filter>Classes</Filter>
    </ClCompile>
    <ClCompile Include="Classes\NGfc2ConnectionGeometry.cpp">
      <Filter>Classes</Filter>
    </ClCompile>
    <ClCompile Include="Classes\NGfc2ConnectionPointGeometry.cpp">
      <Filter>Classes</Filter>
    </ClCompile>
    <ClCompile Include="Classes\NGfc2ConnectionSurfaceGeometry.cpp">
      <Filter>Classes</Filter>
    </ClCompile>
    <ClCompile Include="Classes\NGfc2ConnectionVolumeGeometry.cpp">
      <Filter>Classes</Filter>
    </ClCompile>
    <ClCompile Include="Classes\NGfc2Coordinates2d.cpp">
      <Filter>Classes</Filter>
    </ClCompile>
    <ClCompile Include="Classes\NGfc2Coordinates3d.cpp">
      <Filter>Classes</Filter>
    </ClCompile>
    <ClCompile Include="Classes\NGfc2CsgSolidShape.cpp">
      <Filter>Classes</Filter>
    </ClCompile>
    <ClCompile Include="Classes\NGfc2CuboidBody.cpp">
      <Filter>Classes</Filter>
    </ClCompile>
    <ClCompile Include="Classes\NGfc2Curve2d.cpp">
      <Filter>Classes</Filter>
    </ClCompile>
    <ClCompile Include="Classes\NGfc2Curve3d.cpp">
      <Filter>Classes</Filter>
    </ClCompile>
    <ClCompile Include="Classes\NGfc2Cylinder.cpp">
      <Filter>Classes</Filter>
    </ClCompile>
    <ClCompile Include="Classes\NGfc2CylinderShape.cpp">
      <Filter>Classes</Filter>
    </ClCompile>
    <ClCompile Include="Classes\NGfc2DoubleListProperty.cpp">
      <Filter>Classes</Filter>
    </ClCompile>
    <ClCompile Include="Classes\NGfc2DoubleProperty.cpp">
      <Filter>Classes</Filter>
    </ClCompile>
    <ClCompile Include="Classes\NGfc2Edge.cpp">
      <Filter>Classes</Filter>
    </ClCompile>
    <ClCompile Include="Classes\NGfc2Element.cpp">
      <Filter>Classes</Filter>
    </ClCompile>
    <ClCompile Include="Classes\NGfc2ElementShape.cpp">
      <Filter>Classes</Filter>
    </ClCompile>
    <ClCompile Include="Classes\NGfc2ElementType.cpp">
      <Filter>Classes</Filter>
    </ClCompile>
    <ClCompile Include="Classes\NGfc2Ellipse2d.cpp">
      <Filter>Classes</Filter>
    </ClCompile>
    <ClCompile Include="Classes\NGfc2Ellipse3d.cpp">
      <Filter>Classes</Filter>
    </ClCompile>
    <ClCompile Include="Classes\NGfc2EllipseSection.cpp">
      <Filter>Classes</Filter>
    </ClCompile>
    <ClCompile Include="Classes\NGfc2EntityListProperty.cpp">
      <Filter>Classes</Filter>
    </ClCompile>
    <ClCompile Include="Classes\NGfc2EntityProperty.cpp">
      <Filter>Classes</Filter>
    </ClCompile>
    <ClCompile Include="Classes\NGfc2ExtrudedAreaSolidShape.cpp">
      <Filter>Classes</Filter>
    </ClCompile>
    <ClCompile Include="Classes\NGfc2ExtrudedAreaSolidTaperedShape.cpp">
      <Filter>Classes</Filter>
    </ClCompile>
    <ClCompile Include="Classes\NGfc2ExtrudedBody.cpp">
      <Filter>Classes</Filter>
    </ClCompile>
    <ClCompile Include="Classes\NGfc2Face.cpp">
      <Filter>Classes</Filter>
    </ClCompile>
    <ClCompile Include="Classes\NGfc2Floor.cpp">
      <Filter>Classes</Filter>
    </ClCompile>
    <ClCompile Include="Classes\NGfc2GeoListProperty.cpp">
      <Filter>Classes</Filter>
    </ClCompile>
    <ClCompile Include="Classes\NGfc2Geometry.cpp">
      <Filter>Classes</Filter>
    </ClCompile>
    <ClCompile Include="Classes\NGfc2GeometryShape.cpp">
      <Filter>Classes</Filter>
    </ClCompile>
    <ClCompile Include="Classes\NGfc2GeoProperty.cpp">
      <Filter>Classes</Filter>
    </ClCompile>
    <ClCompile Include="Classes\NGfc2HalfSpaceSolidShape.cpp">
      <Filter>Classes</Filter>
    </ClCompile>
    <ClCompile Include="Classes\NGfc2Helicoid.cpp">
      <Filter>Classes</Filter>
    </ClCompile>
    <ClCompile Include="Classes\NGfc2ImageCurve3d.cpp">
      <Filter>Classes</Filter>
    </ClCompile>
    <ClCompile Include="Classes\NGfc2IndexedColourMap.cpp">
      <Filter>Classes</Filter>
    </ClCompile>
    <ClCompile Include="Classes\NGfc2IndexedTextureMap.cpp">
      <Filter>Classes</Filter>
    </ClCompile>
    <ClCompile Include="Classes\NGfc2IntegerListProperty.cpp">
      <Filter>Classes</Filter>
    </ClCompile>
    <ClCompile Include="Classes\NGfc2IntegerProperty.cpp">
      <Filter>Classes</Filter>
    </ClCompile>
    <ClCompile Include="Classes\NGfc2InternalChart.cpp">
      <Filter>Classes</Filter>
    </ClCompile>
    <ClCompile Include="Classes\NGfc2InternalPt.cpp">
      <Filter>Classes</Filter>
    </ClCompile>
    <ClCompile Include="Classes\NGfc2IntersectionCurve3d.cpp">
      <Filter>Classes</Filter>
    </ClCompile>
    <ClCompile Include="Classes\NGfc2Intervald.cpp">
      <Filter>Classes</Filter>
    </ClCompile>
    <ClCompile Include="Classes\NGfc2LightSource.cpp">
      <Filter>Classes</Filter>
    </ClCompile>
    <ClCompile Include="Classes\NGfc2LightSourceAmbient.cpp">
      <Filter>Classes</Filter>
    </ClCompile>
    <ClCompile Include="Classes\NGfc2LightSourceDirectional.cpp">
      <Filter>Classes</Filter>
    </ClCompile>
    <ClCompile Include="Classes\NGfc2LightSourcePositional.cpp">
      <Filter>Classes</Filter>
    </ClCompile>
    <ClCompile Include="Classes\NGfc2Line2d.cpp">
      <Filter>Classes</Filter>
    </ClCompile>
    <ClCompile Include="Classes\NGfc2Line3d.cpp">
      <Filter>Classes</Filter>
    </ClCompile>
    <ClCompile Include="Classes\NGfc2ListProperty.cpp">
      <Filter>Classes</Filter>
    </ClCompile>
    <ClCompile Include="Classes\NGfc2LShapeSection.cpp">
      <Filter>Classes</Filter>
    </ClCompile>
    <ClCompile Include="Classes\NGfc2ManifoldSolidShape.cpp">
      <Filter>Classes</Filter>
    </ClCompile>
    <ClCompile Include="Classes\NGfc2Matrix.cpp">
      <Filter>Classes</Filter>
    </ClCompile>
    <ClCompile Include="Classes\NGfc2NurbsCtrlPt2d.cpp">
      <Filter>Classes</Filter>
    </ClCompile>
    <ClCompile Include="Classes\NGfc2NurbsCtrlPt3d.cpp">
      <Filter>Classes</Filter>
    </ClCompile>
    <ClCompile Include="Classes\NGfc2NurbsCurve2d.cpp">
      <Filter>Classes</Filter>
    </ClCompile>
    <ClCompile Include="Classes\NGfc2NurbsCurve3d.cpp">
      <Filter>Classes</Filter>
    </ClCompile>
    <ClCompile Include="Classes\NGfc2NurbsSurface.cpp">
      <Filter>Classes</Filter>
    </ClCompile>
    <ClCompile Include="Classes\NGfc2Object.cpp">
      <Filter>Classes</Filter>
    </ClCompile>
    <ClCompile Include="Classes\NGfc2OffsetCurve2d.cpp">
      <Filter>Classes</Filter>
    </ClCompile>
    <ClCompile Include="Classes\NGfc2ParameterizedSection.cpp">
      <Filter>Classes</Filter>
    </ClCompile>
    <ClCompile Include="Classes\NGfc2ParametricShape.cpp">
      <Filter>Classes</Filter>
    </ClCompile>
    <ClCompile Include="Classes\NGfc2Plane.cpp">
      <Filter>Classes</Filter>
    </ClCompile>
    <ClCompile Include="Classes\NGfc2PlaneCoef.cpp">
      <Filter>Classes</Filter>
    </ClCompile>
    <ClCompile Include="Classes\NGfc2PlaneCurve3d.cpp">
      <Filter>Classes</Filter>
    </ClCompile>
    <ClCompile Include="Classes\NGfc2PlaneInfo.cpp">
      <Filter>Classes</Filter>
    </ClCompile>
    <ClCompile Include="Classes\NGfc2Polygon.cpp">
      <Filter>Classes</Filter>
    </ClCompile>
    <ClCompile Include="Classes\NGfc2PolyhedralEdge.cpp">
      <Filter>Classes</Filter>
    </ClCompile>
    <ClCompile Include="Classes\NGfc2PolyhedralFace.cpp">
      <Filter>Classes</Filter>
    </ClCompile>
    <ClCompile Include="Classes\NGfc2PolyhedralLoop.cpp">
      <Filter>Classes</Filter>
    </ClCompile>
    <ClCompile Include="Classes\NGfc2PolyhedronBody.cpp">
      <Filter>Classes</Filter>
    </ClCompile>
    <ClCompile Include="Classes\NGfc2PreimageCurve2d.cpp">
      <Filter>Classes</Filter>
    </ClCompile>
    <ClCompile Include="Classes\NGfc2PrimitiveBody.cpp">
      <Filter>Classes</Filter>
    </ClCompile>
    <ClCompile Include="Classes\NGfc2PrimitiveRenderable.cpp">
      <Filter>Classes</Filter>
    </ClCompile>
    <ClCompile Include="Classes\NGfc2PrimitiveShape.cpp">
      <Filter>Classes</Filter>
    </ClCompile>
    <ClCompile Include="Classes\NGfc2Project.cpp">
      <Filter>Classes</Filter>
    </ClCompile>
    <ClCompile Include="Classes\NGfc2Property.cpp">
      <Filter>Classes</Filter>
    </ClCompile>
    <ClCompile Include="Classes\NGfc2PropertySet.cpp">
      <Filter>Classes</Filter>
    </ClCompile>
    <ClCompile Include="Classes\NGfc2QuotaDetail.cpp">
      <Filter>Classes</Filter>
    </ClCompile>
    <ClCompile Include="Classes\NGfc2QuotaTotal.cpp">
      <Filter>Classes</Filter>
    </ClCompile>
    <ClCompile Include="Classes\NGfc2RectangleHollowSection.cpp">
      <Filter>Classes</Filter>
    </ClCompile>
    <ClCompile Include="Classes\NGfc2RectangleSection.cpp">
      <Filter>Classes</Filter>
    </ClCompile>
    <ClCompile Include="Classes\NGfc2RefString.cpp">
      <Filter>Classes</Filter>
    </ClCompile>
    <ClCompile Include="Classes\NGfc2RelAggregates.cpp">
      <Filter>Classes</Filter>
    </ClCompile>
    <ClCompile Include="Classes\NGfc2RelationShip.cpp">
      <Filter>Classes</Filter>
    </ClCompile>
    <ClCompile Include="Classes\NGfc2RelConnects.cpp">
      <Filter>Classes</Filter>
    </ClCompile>
    <ClCompile Include="Classes\NGfc2RelConnectsElements.cpp">
      <Filter>Classes</Filter>
    </ClCompile>
    <ClCompile Include="Classes\NGfc2RelConnectsPathElements.cpp">
      <Filter>Classes</Filter>
    </ClCompile>
    <ClCompile Include="Classes\NGfc2RelConnectsWithRealizingElements.cpp">
      <Filter>Classes</Filter>
    </ClCompile>
    <ClCompile Include="Classes\NGfc2RelCoversBldgElements.cpp">
      <Filter>Classes</Filter>
    </ClCompile>
    <ClCompile Include="Classes\NGfc2RelDecomposes.cpp">
      <Filter>Classes</Filter>
    </ClCompile>
    <ClCompile Include="Classes\NGfc2RelDefines.cpp">
      <Filter>Classes</Filter>
    </ClCompile>
    <ClCompile Include="Classes\NGfc2RelDefinesByProperties.cpp">
      <Filter>Classes</Filter>
    </ClCompile>
    <ClCompile Include="Classes\NGfc2RelDefinesByType.cpp">
      <Filter>Classes</Filter>
    </ClCompile>
    <ClCompile Include="Classes\NGfc2RelVoidsElement.cpp">
      <Filter>Classes</Filter>
    </ClCompile>
    <ClCompile Include="Classes\NGfc2Representation.cpp">
      <Filter>Classes</Filter>
    </ClCompile>
    <ClCompile Include="Classes\NGfc2RepresentationItem.cpp">
      <Filter>Classes</Filter>
    </ClCompile>
    <ClCompile Include="Classes\NGfc2RevolvedAreaSolidShape.cpp">
      <Filter>Classes</Filter>
    </ClCompile>
    <ClCompile Include="Classes\NGfc2RevolvedAreaSolidTaperedShape.cpp">
      <Filter>Classes</Filter>
    </ClCompile>
    <ClCompile Include="Classes\NGfc2Root.cpp">
      <Filter>Classes</Filter>
    </ClCompile>
    <ClCompile Include="Classes\NGfc2RuledSurface.cpp">
      <Filter>Classes</Filter>
    </ClCompile>
    <ClCompile Include="Classes\NGfc2Section.cpp">
      <Filter>Classes</Filter>
    </ClCompile>
    <ClCompile Include="Classes\NGfc2SectionListProperty.cpp">
      <Filter>Classes</Filter>
    </ClCompile>
    <ClCompile Include="Classes\NGfc2SectionProperty.cpp">
      <Filter>Classes</Filter>
    </ClCompile>
    <ClCompile Include="Classes\NGfc2Shape.cpp">
      <Filter>Classes</Filter>
    </ClCompile>
    <ClCompile Include="Classes\NGfc2SimpleLoop.cpp">
      <Filter>Classes</Filter>
    </ClCompile>
    <ClCompile Include="Classes\NGfc2SimplePolygon.cpp">
      <Filter>Classes</Filter>
    </ClCompile>
    <ClCompile Include="Classes\NGfc2SimpleProperty.cpp">
      <Filter>Classes</Filter>
    </ClCompile>
    <ClCompile Include="Classes\NGfc2SimpleVertex.cpp">
      <Filter>Classes</Filter>
    </ClCompile>
    <ClCompile Include="Classes\NGfc2SinCurve2d.cpp">
      <Filter>Classes</Filter>
    </ClCompile>
    <ClCompile Include="Classes\NGfc2SingleProperty.cpp">
      <Filter>Classes</Filter>
    </ClCompile>
    <ClCompile Include="Classes\NGfc2Site.cpp">
      <Filter>Classes</Filter>
    </ClCompile>
    <ClCompile Include="Classes\NGfc2SolidShape.cpp">
      <Filter>Classes</Filter>
    </ClCompile>
    <ClCompile Include="Classes\NGfc2SpatialStructureElement.cpp">
      <Filter>Classes</Filter>
    </ClCompile>
    <ClCompile Include="Classes\NGfc2Sphere.cpp">
      <Filter>Classes</Filter>
    </ClCompile>
    <ClCompile Include="Classes\NGfc2SphereShape.cpp">
      <Filter>Classes</Filter>
    </ClCompile>
    <ClCompile Include="Classes\NGfc2SpiralLine2d.cpp">
      <Filter>Classes</Filter>
    </ClCompile>
    <ClCompile Include="Classes\NGfc2SpiralLine3d.cpp">
      <Filter>Classes</Filter>
    </ClCompile>
    <ClCompile Include="Classes\NGfc2SteelDetail.cpp">
      <Filter>Classes</Filter>
    </ClCompile>
    <ClCompile Include="Classes\NGfc2SteelTotal.cpp">
      <Filter>Classes</Filter>
    </ClCompile>
    <ClCompile Include="Classes\NGfc2StringListProperty.cpp">
      <Filter>Classes</Filter>
    </ClCompile>
    <ClCompile Include="Classes\NGfc2StringProperty.cpp">
      <Filter>Classes</Filter>
    </ClCompile>
    <ClCompile Include="Classes\NGfc2Surface.cpp">
      <Filter>Classes</Filter>
    </ClCompile>
    <ClCompile Include="Classes\NGfc2SurfaceCurveSweptAreaSolidShape.cpp">
      <Filter>Classes</Filter>
    </ClCompile>
    <ClCompile Include="Classes\NGfc2SurfaceTexture.cpp">
      <Filter>Classes</Filter>
    </ClCompile>
    <ClCompile Include="Classes\NGfc2Sweep.cpp">
      <Filter>Classes</Filter>
    </ClCompile>
    <ClCompile Include="Classes\NGfc2SweepCurve3d.cpp">
      <Filter>Classes</Filter>
    </ClCompile>
    <ClCompile Include="Classes\NGfc2SweptAreaSolidShape.cpp">
      <Filter>Classes</Filter>
    </ClCompile>
    <ClCompile Include="Classes\NGfc2Topology.cpp">
      <Filter>Classes</Filter>
    </ClCompile>
    <ClCompile Include="Classes\NGfc2Torus.cpp">
      <Filter>Classes</Filter>
    </ClCompile>
    <ClCompile Include="Classes\NGfc2TShapeSection.cpp">
      <Filter>Classes</Filter>
    </ClCompile>
    <ClCompile Include="Classes\NGfc2UnaryBooleanResult.cpp">
      <Filter>Classes</Filter>
    </ClCompile>
    <ClCompile Include="Classes\NGfc2Vector2d.cpp">
      <Filter>Classes</Filter>
    </ClCompile>
    <ClCompile Include="Classes\NGfc2Vector3d.cpp">
      <Filter>Classes</Filter>
    </ClCompile>
  </ItemGroup>
  <ItemGroup>
    <ClInclude Include="Classes\NGfc2ArbitrarySection.h">
      <Filter>Classes</Filter>
    </ClInclude>
    <ClInclude Include="Classes\NGfc2Arc2d.h">
      <Filter>Classes</Filter>
    </ClInclude>
    <ClInclude Include="Classes\NGfc2Arc3d.h">
      <Filter>Classes</Filter>
    </ClInclude>
    <ClInclude Include="Classes\NGfc2Bevel.h">
      <Filter>Classes</Filter>
    </ClInclude>
    <ClInclude Include="Classes\NGfc2BillDetail.h">
      <Filter>Classes</Filter>
    </ClInclude>
    <ClInclude Include="Classes\NGfc2BillTotal.h">
      <Filter>Classes</Filter>
    </ClInclude>
    <ClInclude Include="Classes\NGfc2BinaryBooleanResult.h">
      <Filter>Classes</Filter>
    </ClInclude>
    <ClInclude Include="Classes\NGfc2BlockShape.h">
      <Filter>Classes</Filter>
    </ClInclude>
    <ClInclude Include="Classes\NGfc2Body.h">
      <Filter>Classes</Filter>
    </ClInclude>
    <ClInclude Include="Classes\NGfc2BooleanListProperty.h">
      <Filter>Classes</Filter>
    </ClInclude>
    <ClInclude Include="Classes\NGfc2BooleanProperty.h">
      <Filter>Classes</Filter>
    </ClInclude>
    <ClInclude Include="Classes\NGfc2BooleanResult.h">
      <Filter>Classes</Filter>
    </ClInclude>
    <ClInclude Include="Classes\NGfc2Box3d.h">
      <Filter>Classes</Filter>
    </ClInclude>
    <ClInclude Include="Classes\NGfc2BrepBody.h">
      <Filter>Classes</Filter>
    </ClInclude>
    <ClInclude Include="Classes\NGfc2Building.h">
      <Filter>Classes</Filter>
    </ClInclude>
    <ClInclude Include="Classes\NGfc2CircleHollowSection.h">
      <Filter>Classes</Filter>
    </ClInclude>
    <ClInclude Include="Classes\NGfc2CircleSection.h">
      <Filter>Classes</Filter>
    </ClInclude>
    <ClInclude Include="Classes\NGfc2Coedge.h">
      <Filter>Classes</Filter>
    </ClInclude>
    <ClInclude Include="Classes\NGfc2CoedgeList.h">
      <Filter>Classes</Filter>
    </ClInclude>
    <ClInclude Include="Classes\NGfc2CoedgeListEx.h">
      <Filter>Classes</Filter>
    </ClInclude>
    <ClInclude Include="Classes\NGfc2Color.h">
      <Filter>Classes</Filter>
    </ClInclude>
    <ClInclude Include="Classes\NGfc2CommonPolygon.h">
      <Filter>Classes</Filter>
    </ClInclude>
    <ClInclude Include="Classes\NGfc2CommonPolygonEx.h">
      <Filter>Classes</Filter>
    </ClInclude>
    <ClInclude Include="Classes\NGfc2ComplexProperty.h">
      <Filter>Classes</Filter>
    </ClInclude>
    <ClInclude Include="Classes\NGfc2CompositeCurve2dSweptSolidShape.h">
      <Filter>Classes</Filter>
    </ClInclude>
    <ClInclude Include="Classes\NGfc2CompositeCurve3dSweptSolidShape.h">
      <Filter>Classes</Filter>
    </ClInclude>
    <ClInclude Include="Classes\NGfc2ConeShape.h">
      <Filter>Classes</Filter>
    </ClInclude>
    <ClInclude Include="Classes\NGfc2ConnectionCurveGeometry.h">
      <Filter>Classes</Filter>
    </ClInclude>
    <ClInclude Include="Classes\NGfc2ConnectionGeometry.h">
      <Filter>Classes</Filter>
    </ClInclude>
    <ClInclude Include="Classes\NGfc2ConnectionPointGeometry.h">
      <Filter>Classes</Filter>
    </ClInclude>
    <ClInclude Include="Classes\NGfc2ConnectionSurfaceGeometry.h">
      <Filter>Classes</Filter>
    </ClInclude>
    <ClInclude Include="Classes\NGfc2ConnectionVolumeGeometry.h">
      <Filter>Classes</Filter>
    </ClInclude>
    <ClInclude Include="Classes\NGfc2Coordinates2d.h">
      <Filter>Classes</Filter>
    </ClInclude>
    <ClInclude Include="Classes\NGfc2Coordinates3d.h">
      <Filter>Classes</Filter>
    </ClInclude>
    <ClInclude Include="Classes\NGfc2CsgSolidShape.h">
      <Filter>Classes</Filter>
    </ClInclude>
    <ClInclude Include="Classes\NGfc2CuboidBody.h">
      <Filter>Classes</Filter>
    </ClInclude>
    <ClInclude Include="Classes\NGfc2Curve2d.h">
      <Filter>Classes</Filter>
    </ClInclude>
    <ClInclude Include="Classes\NGfc2Curve3d.h">
      <Filter>Classes</Filter>
    </ClInclude>
    <ClInclude Include="Classes\NGfc2Cylinder.h">
      <Filter>Classes</Filter>
    </ClInclude>
    <ClInclude Include="Classes\NGfc2CylinderShape.h">
      <Filter>Classes</Filter>
    </ClInclude>
    <ClInclude Include="Classes\NGfc2DoubleListProperty.h">
      <Filter>Classes</Filter>
    </ClInclude>
    <ClInclude Include="Classes\NGfc2DoubleProperty.h">
      <Filter>Classes</Filter>
    </ClInclude>
    <ClInclude Include="Classes\NGfc2Edge.h">
      <Filter>Classes</Filter>
    </ClInclude>
    <ClInclude Include="Classes\NGfc2Element.h">
      <Filter>Classes</Filter>
    </ClInclude>
    <ClInclude Include="Classes\NGfc2ElementShape.h">
      <Filter>Classes</Filter>
    </ClInclude>
    <ClInclude Include="Classes\NGfc2ElementType.h">
      <Filter>Classes</Filter>
    </ClInclude>
    <ClInclude Include="Classes\NGfc2Ellipse2d.h">
      <Filter>Classes</Filter>
    </ClInclude>
    <ClInclude Include="Classes\NGfc2Ellipse3d.h">
      <Filter>Classes</Filter>
    </ClInclude>
    <ClInclude Include="Classes\NGfc2EllipseSection.h">
      <Filter>Classes</Filter>
    </ClInclude>
    <ClInclude Include="Classes\NGfc2EntityListProperty.h">
      <Filter>Classes</Filter>
    </ClInclude>
    <ClInclude Include="Classes\NGfc2EntityProperty.h">
      <Filter>Classes</Filter>
    </ClInclude>
    <ClInclude Include="Classes\NGfc2ExtrudedAreaSolidShape.h">
      <Filter>Classes</Filter>
    </ClInclude>
    <ClInclude Include="Classes\NGfc2ExtrudedAreaSolidTaperedShape.h">
      <Filter>Classes</Filter>
    </ClInclude>
    <ClInclude Include="Classes\NGfc2ExtrudedBody.h">
      <Filter>Classes</Filter>
    </ClInclude>
    <ClInclude Include="Classes\NGfc2Face.h">
      <Filter>Classes</Filter>
    </ClInclude>
    <ClInclude Include="Classes\NGfc2Floor.h">
      <Filter>Classes</Filter>
    </ClInclude>
    <ClInclude Include="Classes\NGfc2GeoListProperty.h">
      <Filter>Classes</Filter>
    </ClInclude>
    <ClInclude Include="Classes\NGfc2Geometry.h">
      <Filter>Classes</Filter>
    </ClInclude>
    <ClInclude Include="Classes\NGfc2GeometryShape.h">
      <Filter>Classes</Filter>
    </ClInclude>
    <ClInclude Include="Classes\NGfc2GeoProperty.h">
      <Filter>Classes</Filter>
    </ClInclude>
    <ClInclude Include="Classes\NGfc2HalfSpaceSolidShape.h">
      <Filter>Classes</Filter>
    </ClInclude>
    <ClInclude Include="Classes\NGfc2Helicoid.h">
      <Filter>Classes</Filter>
    </ClInclude>
    <ClInclude Include="Classes\NGfc2ImageCurve3d.h">
      <Filter>Classes</Filter>
    </ClInclude>
    <ClInclude Include="Classes\NGfc2IndexedColourMap.h">
      <Filter>Classes</Filter>
    </ClInclude>
    <ClInclude Include="Classes\NGfc2IndexedTextureMap.h">
      <Filter>Classes</Filter>
    </ClInclude>
    <ClInclude Include="Classes\NGfc2IntegerListProperty.h">
      <Filter>Classes</Filter>
    </ClInclude>
    <ClInclude Include="Classes\NGfc2IntegerProperty.h">
      <Filter>Classes</Filter>
    </ClInclude>
    <ClInclude Include="Classes\NGfc2InternalChart.h">
      <Filter>Classes</Filter>
    </ClInclude>
    <ClInclude Include="Classes\NGfc2InternalPt.h">
      <Filter>Classes</Filter>
    </ClInclude>
    <ClInclude Include="Classes\NGfc2IntersectionCurve3d.h">
      <Filter>Classes</Filter>
    </ClInclude>
    <ClInclude Include="Classes\NGfc2Intervald.h">
      <Filter>Classes</Filter>
    </ClInclude>
    <ClInclude Include="Classes\NGfc2LightSource.h">
      <Filter>Classes</Filter>
    </ClInclude>
    <ClInclude Include="Classes\NGfc2LightSourceAmbient.h">
      <Filter>Classes</Filter>
    </ClInclude>
    <ClInclude Include="Classes\NGfc2LightSourceDirectional.h">
      <Filter>Classes</Filter>
    </ClInclude>
    <ClInclude Include="Classes\NGfc2LightSourcePositional.h">
      <Filter>Classes</Filter>
    </ClInclude>
    <ClInclude Include="Classes\NGfc2Line2d.h">
      <Filter>Classes</Filter>
    </ClInclude>
    <ClInclude Include="Classes\NGfc2Line3d.h">
      <Filter>Classes</Filter>
    </ClInclude>
    <ClInclude Include="Classes\NGfc2ListProperty.h">
      <Filter>Classes</Filter>
    </ClInclude>
    <ClInclude Include="Classes\NGfc2LShapeSection.h">
      <Filter>Classes</Filter>
    </ClInclude>
    <ClInclude Include="Classes\NGfc2ManifoldSolidShape.h">
      <Filter>Classes</Filter>
    </ClInclude>
    <ClInclude Include="Classes\NGfc2Matrix.h">
      <Filter>Classes</Filter>
    </ClInclude>
    <ClInclude Include="Classes\NGfc2NurbsCtrlPt2d.h">
      <Filter>Classes</Filter>
    </ClInclude>
    <ClInclude Include="Classes\NGfc2NurbsCtrlPt3d.h">
      <Filter>Classes</Filter>
    </ClInclude>
    <ClInclude Include="Classes\NGfc2NurbsCurve2d.h">
      <Filter>Classes</Filter>
    </ClInclude>
    <ClInclude Include="Classes\NGfc2NurbsCurve3d.h">
      <Filter>Classes</Filter>
    </ClInclude>
    <ClInclude Include="Classes\NGfc2NurbsSurface.h">
      <Filter>Classes</Filter>
    </ClInclude>
    <ClInclude Include="Classes\NGfc2Object.h">
      <Filter>Classes</Filter>
    </ClInclude>
    <ClInclude Include="Classes\NGfc2OffsetCurve2d.h">
      <Filter>Classes</Filter>
    </ClInclude>
    <ClInclude Include="Classes\NGfc2ParameterizedSection.h">
      <Filter>Classes</Filter>
    </ClInclude>
    <ClInclude Include="Classes\NGfc2ParametricShape.h">
      <Filter>Classes</Filter>
    </ClInclude>
    <ClInclude Include="Classes\NGfc2Plane.h">
      <Filter>Classes</Filter>
    </ClInclude>
    <ClInclude Include="Classes\NGfc2PlaneCoef.h">
      <Filter>Classes</Filter>
    </ClInclude>
    <ClInclude Include="Classes\NGfc2PlaneCurve3d.h">
      <Filter>Classes</Filter>
    </ClInclude>
    <ClInclude Include="Classes\NGfc2PlaneInfo.h">
      <Filter>Classes</Filter>
    </ClInclude>
    <ClInclude Include="Classes\NGfc2Polygon.h">
      <Filter>Classes</Filter>
    </ClInclude>
    <ClInclude Include="Classes\NGfc2PolyhedralEdge.h">
      <Filter>Classes</Filter>
    </ClInclude>
    <ClInclude Include="Classes\NGfc2PolyhedralFace.h">
      <Filter>Classes</Filter>
    </ClInclude>
    <ClInclude Include="Classes\NGfc2PolyhedralLoop.h">
      <Filter>Classes</Filter>
    </ClInclude>
    <ClInclude Include="Classes\NGfc2PolyhedronBody.h">
      <Filter>Classes</Filter>
    </ClInclude>
    <ClInclude Include="Classes\NGfc2PreimageCurve2d.h">
      <Filter>Classes</Filter>
    </ClInclude>
    <ClInclude Include="Classes\NGfc2PrimitiveBody.h">
      <Filter>Classes</Filter>
    </ClInclude>
    <ClInclude Include="Classes\NGfc2PrimitiveRenderable.h">
      <Filter>Classes</Filter>
    </ClInclude>
    <ClInclude Include="Classes\NGfc2PrimitiveShape.h">
      <Filter>Classes</Filter>
    </ClInclude>
    <ClInclude Include="Classes\NGfc2Project.h">
      <Filter>Classes</Filter>
    </ClInclude>
    <ClInclude Include="Classes\NGfc2Property.h">
      <Filter>Classes</Filter>
    </ClInclude>
    <ClInclude Include="Classes\NGfc2PropertySet.h">
      <Filter>Classes</Filter>
    </ClInclude>
    <ClInclude Include="Classes\NGfc2QuotaDetail.h">
      <Filter>Classes</Filter>
    </ClInclude>
    <ClInclude Include="Classes\NGfc2QuotaTotal.h">
      <Filter>Classes</Filter>
    </ClInclude>
    <ClInclude Include="Classes\NGfc2RectangleHollowSection.h">
      <Filter>Classes</Filter>
    </ClInclude>
    <ClInclude Include="Classes\NGfc2RectangleSection.h">
      <Filter>Classes</Filter>
    </ClInclude>
    <ClInclude Include="Classes\NGfc2RefString.h">
      <Filter>Classes</Filter>
    </ClInclude>
    <ClInclude Include="Classes\NGfc2RelAggregates.h">
      <Filter>Classes</Filter>
    </ClInclude>
    <ClInclude Include="Classes\NGfc2RelationShip.h">
      <Filter>Classes</Filter>
    </ClInclude>
    <ClInclude Include="Classes\NGfc2RelConnects.h">
      <Filter>Classes</Filter>
    </ClInclude>
    <ClInclude Include="Classes\NGfc2RelConnectsElements.h">
      <Filter>Classes</Filter>
    </ClInclude>
    <ClInclude Include="Classes\NGfc2RelConnectsPathElements.h">
      <Filter>Classes</Filter>
    </ClInclude>
    <ClInclude Include="Classes\NGfc2RelConnectsWithRealizingElements.h">
      <Filter>Classes</Filter>
    </ClInclude>
    <ClInclude Include="Classes\NGfc2RelCoversBldgElements.h">
      <Filter>Classes</Filter>
    </ClInclude>
    <ClInclude Include="Classes\NGfc2RelDecomposes.h">
      <Filter>Classes</Filter>
    </ClInclude>
    <ClInclude Include="Classes\NGfc2RelDefines.h">
      <Filter>Classes</Filter>
    </ClInclude>
    <ClInclude Include="Classes\NGfc2RelDefinesByProperties.h">
      <Filter>Classes</Filter>
    </ClInclude>
    <ClInclude Include="Classes\NGfc2RelDefinesByType.h">
      <Filter>Classes</Filter>
    </ClInclude>
    <ClInclude Include="Classes\NGfc2RelVoidsElement.h">
      <Filter>Classes</Filter>
    </ClInclude>
    <ClInclude Include="Classes\NGfc2Representation.h">
      <Filter>Classes</Filter>
    </ClInclude>
    <ClInclude Include="Classes\NGfc2RepresentationItem.h">
      <Filter>Classes</Filter>
    </ClInclude>
    <ClInclude Include="Classes\NGfc2RevolvedAreaSolidShape.h">
      <Filter>Classes</Filter>
    </ClInclude>
    <ClInclude Include="Classes\NGfc2RevolvedAreaSolidTaperedShape.h">
      <Filter>Classes</Filter>
    </ClInclude>
    <ClInclude Include="Classes\NGfc2Root.h">
      <Filter>Classes</Filter>
    </ClInclude>
    <ClInclude Include="Classes\NGfc2RuledSurface.h">
      <Filter>Classes</Filter>
    </ClInclude>
    <ClInclude Include="Classes\NGfc2Section.h">
      <Filter>Classes</Filter>
    </ClInclude>
    <ClInclude Include="Classes\NGfc2SectionListProperty.h">
      <Filter>Classes</Filter>
    </ClInclude>
    <ClInclude Include="Classes\NGfc2SectionProperty.h">
      <Filter>Classes</Filter>
    </ClInclude>
    <ClInclude Include="Classes\NGfc2Shape.h">
      <Filter>Classes</Filter>
    </ClInclude>
    <ClInclude Include="Classes\NGfc2SimpleLoop.h">
      <Filter>Classes</Filter>
    </ClInclude>
    <ClInclude Include="Classes\NGfc2SimplePolygon.h">
      <Filter>Classes</Filter>
    </ClInclude>
    <ClInclude Include="Classes\NGfc2SimpleProperty.h">
      <Filter>Classes</Filter>
    </ClInclude>
    <ClInclude Include="Classes\NGfc2SimpleVertex.h">
      <Filter>Classes</Filter>
    </ClInclude>
    <ClInclude Include="Classes\NGfc2SinCurve2d.h">
      <Filter>Classes</Filter>
    </ClInclude>
    <ClInclude Include="Classes\NGfc2SingleProperty.h">
      <Filter>Classes</Filter>
    </ClInclude>
    <ClInclude Include="Classes\NGfc2Site.h">
      <Filter>Classes</Filter>
    </ClInclude>
    <ClInclude Include="Classes\NGfc2SolidShape.h">
      <Filter>Classes</Filter>
    </ClInclude>
    <ClInclude Include="Classes\NGfc2SpatialStructureElement.h">
      <Filter>Classes</Filter>
    </ClInclude>
    <ClInclude Include="Classes\NGfc2Sphere.h">
      <Filter>Classes</Filter>
    </ClInclude>
    <ClInclude Include="Classes\NGfc2SphereShape.h">
      <Filter>Classes</Filter>
    </ClInclude>
    <ClInclude Include="Classes\NGfc2SpiralLine2d.h">
      <Filter>Classes</Filter>
    </ClInclude>
    <ClInclude Include="Classes\NGfc2SpiralLine3d.h">
      <Filter>Classes</Filter>
    </ClInclude>
    <ClInclude Include="Classes\NGfc2SteelDetail.h">
      <Filter>Classes</Filter>
    </ClInclude>
    <ClInclude Include="Classes\NGfc2SteelTotal.h">
      <Filter>Classes</Filter>
    </ClInclude>
    <ClInclude Include="Classes\NGfc2StringListProperty.h">
      <Filter>Classes</Filter>
    </ClInclude>
    <ClInclude Include="Classes\NGfc2StringProperty.h">
      <Filter>Classes</Filter>
    </ClInclude>
    <ClInclude Include="Classes\NGfc2Surface.h">
      <Filter>Classes</Filter>
    </ClInclude>
    <ClInclude Include="Classes\NGfc2SurfaceCurveSweptAreaSolidShape.h">
      <Filter>Classes</Filter>
    </ClInclude>
    <ClInclude Include="Classes\NGfc2SurfaceTexture.h">
      <Filter>Classes</Filter>
    </ClInclude>
    <ClInclude Include="Classes\NGfc2Sweep.h">
      <Filter>Classes</Filter>
    </ClInclude>
    <ClInclude Include="Classes\NGfc2SweepCurve3d.h">
      <Filter>Classes</Filter>
    </ClInclude>
    <ClInclude Include="Classes\NGfc2SweptAreaSolidShape.h">
      <Filter>Classes</Filter>
    </ClInclude>
    <ClInclude Include="Classes\NGfc2Topology.h">
      <Filter>Classes</Filter>
    </ClInclude>
    <ClInclude Include="Classes\NGfc2Torus.h">
      <Filter>Classes</Filter>
    </ClInclude>
    <ClInclude Include="Classes\NGfc2TShapeSection.h">
      <Filter>Classes</Filter>
    </ClInclude>
    <ClInclude Include="Classes\NGfc2UnaryBooleanResult.h">
      <Filter>Classes</Filter>
    </ClInclude>
    <ClInclude Include="Classes\NGfc2Vector2d.h">
      <Filter>Classes</Filter>
    </ClInclude>
    <ClInclude Include="Classes\NGfc2Vector3d.h">
      <Filter>Classes</Filter>
    </ClInclude>
    <ClInclude Include="Classes\NTypeDef.h">
      <Filter>Classes</Filter>
    </ClInclude>
    <ClInclude Include="NGfcEntity.h">
      <Filter>头文件</Filter>
    </ClInclude>
    <ClInclude Include="NGfcWriter.h">
      <Filter>头文件</Filter>
    </ClInclude>
  </ItemGroup>
</Project>