<?xml version="1.0" encoding="utf-8"?>
<Project ToolsVersion="4.0" xmlns="http://schemas.microsoft.com/developer/msbuild/2003">
  <ItemGroup>
    <Filter Include="源文件">
      <UniqueIdentifier>{4FC737F1-C7A5-4376-A066-2A32D752A2FF}</UniqueIdentifier>
      <Extensions>cpp;c;cc;cxx;def;odl;idl;hpj;bat;asm;asmx</Extensions>
    </Filter>
    <Filter Include="头文件">
      <UniqueIdentifier>{93995380-89BD-4b04-88EB-625FBE52EBFB}</UniqueIdentifier>
      <Extensions>h;hpp;hxx;hm;inl;inc;xsd</Extensions>
    </Filter>
    <Filter Include="资源文件">
      <UniqueIdentifier>{67DA6AB6-F800-4c08-8B7A-83BB121AAD01}</UniqueIdentifier>
      <Extensions>rc;ico;cur;bmp;dlg;rc2;rct;bin;rgs;gif;jpg;jpeg;jpe;resx;tiff;tif;png;wav;mfcribbon-ms</Extensions>
    </Filter>
    <Filter Include="Classes">
      <UniqueIdentifier>{e572fe6b-58de-47d5-837c-03add317c339}</UniqueIdentifier>
    </Filter>
  </ItemGroup>
  <ItemGroup>
    <None Include="ReadMe.txt" />
  </ItemGroup>
  <ItemGroup>
    <ClCompile Include="NGfcEntity.cpp">
      <Filter>源文件</Filter>
    </ClCompile>
    <ClCompile Include="NGfcWriter.cpp">
      <Filter>源文件</Filter>
    </ClCompile>
    <ClCompile Include="Classes\NGfcArbitrarySection.cpp">
      <Filter>Classes</Filter>
    </ClCompile>
    <ClCompile Include="Classes\NGfcArc2d.cpp">
      <Filter>Classes</Filter>
    </ClCompile>
    <ClCompile Include="Classes\NGfcArc3d.cpp">
      <Filter>Classes</Filter>
    </ClCompile>
    <ClCompile Include="Classes\NGfcBevel.cpp">
      <Filter>Classes</Filter>
    </ClCompile>
    <ClCompile Include="Classes\NGfcBillDetail.cpp">
      <Filter>Classes</Filter>
    </ClCompile>
    <ClCompile Include="Classes\NGfcBillTotal.cpp">
      <Filter>Classes</Filter>
    </ClCompile>
    <ClCompile Include="Classes\NGfcBinaryBooleanResult.cpp">
      <Filter>Classes</Filter>
    </ClCompile>
    <ClCompile Include="Classes\NGfcBlockShape.cpp">
      <Filter>Classes</Filter>
    </ClCompile>
    <ClCompile Include="Classes\NGfcBody.cpp">
      <Filter>Classes</Filter>
    </ClCompile>
    <ClCompile Include="Classes\NGfcBooleanListProperty.cpp">
      <Filter>Classes</Filter>
    </ClCompile>
    <ClCompile Include="Classes\NGfcBooleanProperty.cpp">
      <Filter>Classes</Filter>
    </ClCompile>
    <ClCompile Include="Classes\NGfcBooleanResult.cpp">
      <Filter>Classes</Filter>
    </ClCompile>
    <ClCompile Include="Classes\NGfcBox3d.cpp">
      <Filter>Classes</Filter>
    </ClCompile>
    <ClCompile Include="Classes\NGfcBrepBody.cpp">
      <Filter>Classes</Filter>
    </ClCompile>
    <ClCompile Include="Classes\NGfcBuilding.cpp">
      <Filter>Classes</Filter>
    </ClCompile>
    <ClCompile Include="Classes\NGfcCircleHollowSection.cpp">
      <Filter>Classes</Filter>
    </ClCompile>
    <ClCompile Include="Classes\NGfcCircleSection.cpp">
      <Filter>Classes</Filter>
    </ClCompile>
    <ClCompile Include="Classes\NGfcCoedge.cpp">
      <Filter>Classes</Filter>
    </ClCompile>
    <ClCompile Include="Classes\NGfcCoedgeList.cpp">
      <Filter>Classes</Filter>
    </ClCompile>
    <ClCompile Include="Classes\NGfcCoedgeListEx.cpp">
      <Filter>Classes</Filter>
    </ClCompile>
    <ClCompile Include="Classes\NGfcColor.cpp">
      <Filter>Classes</Filter>
    </ClCompile>
    <ClCompile Include="Classes\NGfcCommonPolygon.cpp">
      <Filter>Classes</Filter>
    </ClCompile>
    <ClCompile Include="Classes\NGfcCommonPolygonEx.cpp">
      <Filter>Classes</Filter>
    </ClCompile>
    <ClCompile Include="Classes\NGfcComplexProperty.cpp">
      <Filter>Classes</Filter>
    </ClCompile>
    <ClCompile Include="Classes\NGfcCompositeCurve2dSweptSolidShape.cpp">
      <Filter>Classes</Filter>
    </ClCompile>
    <ClCompile Include="Classes\NGfcCompositeCurve3dSweptSolidShape.cpp">
      <Filter>Classes</Filter>
    </ClCompile>
    <ClCompile Include="Classes\NGfcConeShape.cpp">
      <Filter>Classes</Filter>
    </ClCompile>
    <ClCompile Include="Classes\NGfcConnectionCurveGeometry.cpp">
      <Filter>Classes</Filter>
    </ClCompile>
    <ClCompile Include="Classes\NGfcConnectionGeometry.cpp">
      <Filter>Classes</Filter>
    </ClCompile>
    <ClCompile Include="Classes\NGfcConnectionPointGeometry.cpp">
      <Filter>Classes</Filter>
    </ClCompile>
    <ClCompile Include="Classes\NGfcConnectionSurfaceGeometry.cpp">
      <Filter>Classes</Filter>
    </ClCompile>
    <ClCompile Include="Classes\NGfcConnectionVolumeGeometry.cpp">
      <Filter>Classes</Filter>
    </ClCompile>
    <ClCompile Include="Classes\NGfcCoordinates2d.cpp">
      <Filter>Classes</Filter>
    </ClCompile>
    <ClCompile Include="Classes\NGfcCoordinates3d.cpp">
      <Filter>Classes</Filter>
    </ClCompile>
    <ClCompile Include="Classes\NGfcCsgSolidShape.cpp">
      <Filter>Classes</Filter>
    </ClCompile>
    <ClCompile Include="Classes\NGfcCuboidBody.cpp">
      <Filter>Classes</Filter>
    </ClCompile>
    <ClCompile Include="Classes\NGfcCurve2d.cpp">
      <Filter>Classes</Filter>
    </ClCompile>
    <ClCompile Include="Classes\NGfcCurve3d.cpp">
      <Filter>Classes</Filter>
    </ClCompile>
    <ClCompile Include="Classes\NGfcCylinder.cpp">
      <Filter>Classes</Filter>
    </ClCompile>
    <ClCompile Include="Classes\NGfcCylinderShape.cpp">
      <Filter>Classes</Filter>
    </ClCompile>
    <ClCompile Include="Classes\NGfcDoubleListProperty.cpp">
      <Filter>Classes</Filter>
    </ClCompile>
    <ClCompile Include="Classes\NGfcDoubleProperty.cpp">
      <Filter>Classes</Filter>
    </ClCompile>
    <ClCompile Include="Classes\NGfcEdge.cpp">
      <Filter>Classes</Filter>
    </ClCompile>
    <ClCompile Include="Classes\NGfcElement.cpp">
      <Filter>Classes</Filter>
    </ClCompile>
    <ClCompile Include="Classes\NGfcElementShape.cpp">
      <Filter>Classes</Filter>
    </ClCompile>
    <ClCompile Include="Classes\NGfcElementType.cpp">
      <Filter>Classes</Filter>
    </ClCompile>
    <ClCompile Include="Classes\NGfcEllipse2d.cpp">
      <Filter>Classes</Filter>
    </ClCompile>
    <ClCompile Include="Classes\NGfcEllipse3d.cpp">
      <Filter>Classes</Filter>
    </ClCompile>
    <ClCompile Include="Classes\NGfcEllipseSection.cpp">
      <Filter>Classes</Filter>
    </ClCompile>
    <ClCompile Include="Classes\NGfcEntityListProperty.cpp">
      <Filter>Classes</Filter>
    </ClCompile>
    <ClCompile Include="Classes\NGfcEntityProperty.cpp">
      <Filter>Classes</Filter>
    </ClCompile>
    <ClCompile Include="Classes\NGfcExtrudedAreaSolidShape.cpp">
      <Filter>Classes</Filter>
    </ClCompile>
    <ClCompile Include="Classes\NGfcExtrudedAreaSolidTaperedShape.cpp">
      <Filter>Classes</Filter>
    </ClCompile>
    <ClCompile Include="Classes\NGfcExtrudedBody.cpp">
      <Filter>Classes</Filter>
    </ClCompile>
    <ClCompile Include="Classes\NGfcFace.cpp">
      <Filter>Classes</Filter>
    </ClCompile>
    <ClCompile Include="Classes\NGfcFloor.cpp">
      <Filter>Classes</Filter>
    </ClCompile>
    <ClCompile Include="Classes\NGfcGeoListProperty.cpp">
      <Filter>Classes</Filter>
    </ClCompile>
    <ClCompile Include="Classes\NGfcGeometry.cpp">
      <Filter>Classes</Filter>
    </ClCompile>
    <ClCompile Include="Classes\NGfcGeometryShape.cpp">
      <Filter>Classes</Filter>
    </ClCompile>
    <ClCompile Include="Classes\NGfcGeoProperty.cpp">
      <Filter>Classes</Filter>
    </ClCompile>
    <ClCompile Include="Classes\NGfcHalfSpaceSolidShape.cpp">
      <Filter>Classes</Filter>
    </ClCompile>
    <ClCompile Include="Classes\NGfcHelicoid.cpp">
      <Filter>Classes</Filter>
    </ClCompile>
    <ClCompile Include="Classes\NGfcImageCurve3d.cpp">
      <Filter>Classes</Filter>
    </ClCompile>
    <ClCompile Include="Classes\NGfcIndexedColourMap.cpp">
      <Filter>Classes</Filter>
    </ClCompile>
    <ClCompile Include="Classes\NGfcIndexedTextureMap.cpp">
      <Filter>Classes</Filter>
    </ClCompile>
    <ClCompile Include="Classes\NGfcIntegerListProperty.cpp">
      <Filter>Classes</Filter>
    </ClCompile>
    <ClCompile Include="Classes\NGfcIntegerProperty.cpp">
      <Filter>Classes</Filter>
    </ClCompile>
    <ClCompile Include="Classes\NGfcInternalChart.cpp">
      <Filter>Classes</Filter>
    </ClCompile>
    <ClCompile Include="Classes\NGfcInternalPt.cpp">
      <Filter>Classes</Filter>
    </ClCompile>
    <ClCompile Include="Classes\NGfcIntersectionCurve3d.cpp">
      <Filter>Classes</Filter>
    </ClCompile>
    <ClCompile Include="Classes\NGfcIntervald.cpp">
      <Filter>Classes</Filter>
    </ClCompile>
    <ClCompile Include="Classes\NGfcLightSource.cpp">
      <Filter>Classes</Filter>
    </ClCompile>
    <ClCompile Include="Classes\NGfcLightSourceAmbient.cpp">
      <Filter>Classes</Filter>
    </ClCompile>
    <ClCompile Include="Classes\NGfcLightSourceDirectional.cpp">
      <Filter>Classes</Filter>
    </ClCompile>
    <ClCompile Include="Classes\NGfcLightSourcePositional.cpp">
      <Filter>Classes</Filter>
    </ClCompile>
    <ClCompile Include="Classes\NGfcLine2d.cpp">
      <Filter>Classes</Filter>
    </ClCompile>
    <ClCompile Include="Classes\NGfcLine3d.cpp">
      <Filter>Classes</Filter>
    </ClCompile>
    <ClCompile Include="Classes\NGfcListProperty.cpp">
      <Filter>Classes</Filter>
    </ClCompile>
    <ClCompile Include="Classes\NGfcLShapeSection.cpp">
      <Filter>Classes</Filter>
    </ClCompile>
    <ClCompile Include="Classes\NGfcManifoldSolidShape.cpp">
      <Filter>Classes</Filter>
    </ClCompile>
    <ClCompile Include="Classes\NGfcMatrix.cpp">
      <Filter>Classes</Filter>
    </ClCompile>
    <ClCompile Include="Classes\NGfcNurbsCtrlPt2d.cpp">
      <Filter>Classes</Filter>
    </ClCompile>
    <ClCompile Include="Classes\NGfcNurbsCtrlPt3d.cpp">
      <Filter>Classes</Filter>
    </ClCompile>
    <ClCompile Include="Classes\NGfcNurbsCurve2d.cpp">
      <Filter>Classes</Filter>
    </ClCompile>
    <ClCompile Include="Classes\NGfcNurbsCurve3d.cpp">
      <Filter>Classes</Filter>
    </ClCompile>
    <ClCompile Include="Classes\NGfcNurbsSurface.cpp">
      <Filter>Classes</Filter>
    </ClCompile>
    <ClCompile Include="Classes\NGfcObject.cpp">
      <Filter>Classes</Filter>
    </ClCompile>
    <ClCompile Include="Classes\NGfcOffsetCurve2d.cpp">
      <Filter>Classes</Filter>
    </ClCompile>
    <ClCompile Include="Classes\NGfcParameterizedSection.cpp">
      <Filter>Classes</Filter>
    </ClCompile>
    <ClCompile Include="Classes\NGfcParametricShape.cpp">
      <Filter>Classes</Filter>
    </ClCompile>
    <ClCompile Include="Classes\NGfcPlane.cpp">
      <Filter>Classes</Filter>
    </ClCompile>
    <ClCompile Include="Classes\NGfcPlaneCoef.cpp">
      <Filter>Classes</Filter>
    </ClCompile>
    <ClCompile Include="Classes\NGfcPlaneCurve3d.cpp">
      <Filter>Classes</Filter>
    </ClCompile>
    <ClCompile Include="Classes\NGfcPlaneInfo.cpp">
      <Filter>Classes</Filter>
    </ClCompile>
    <ClCompile Include="Classes\NGfcPolygon.cpp">
      <Filter>Classes</Filter>
    </ClCompile>
    <ClCompile Include="Classes\NGfcPolyhedralEdge.cpp">
      <Filter>Classes</Filter>
    </ClCompile>
    <ClCompile Include="Classes\NGfcPolyhedralFace.cpp">
      <Filter>Classes</Filter>
    </ClCompile>
    <ClCompile Include="Classes\NGfcPolyhedralLoop.cpp">
      <Filter>Classes</Filter>
    </ClCompile>
    <ClCompile Include="Classes\NGfcPolyhedronBody.cpp">
      <Filter>Classes</Filter>
    </ClCompile>
    <ClCompile Include="Classes\NGfcPreimageCurve2d.cpp">
      <Filter>Classes</Filter>
    </ClCompile>
    <ClCompile Include="Classes\NGfcPrimitiveBody.cpp">
      <Filter>Classes</Filter>
    </ClCompile>
    <ClCompile Include="Classes\NGfcPrimitiveRenderable.cpp">
      <Filter>Classes</Filter>
    </ClCompile>
    <ClCompile Include="Classes\NGfcPrimitiveShape.cpp">
      <Filter>Classes</Filter>
    </ClCompile>
    <ClCompile Include="Classes\NGfcProject.cpp">
      <Filter>Classes</Filter>
    </ClCompile>
    <ClCompile Include="Classes\NGfcProperty.cpp">
      <Filter>Classes</Filter>
    </ClCompile>
    <ClCompile Include="Classes\NGfcPropertySet.cpp">
      <Filter>Classes</Filter>
    </ClCompile>
    <ClCompile Include="Classes\NGfcQuotaDetail.cpp">
      <Filter>Classes</Filter>
    </ClCompile>
    <ClCompile Include="Classes\NGfcQuotaTotal.cpp">
      <Filter>Classes</Filter>
    </ClCompile>
    <ClCompile Include="Classes\NGfcRectangleHollowSection.cpp">
      <Filter>Classes</Filter>
    </ClCompile>
    <ClCompile Include="Classes\NGfcRectangleSection.cpp">
      <Filter>Classes</Filter>
    </ClCompile>
    <ClCompile Include="Classes\NGfcRefString.cpp">
      <Filter>Classes</Filter>
    </ClCompile>
    <ClCompile Include="Classes\NGfcRelAggregates.cpp">
      <Filter>Classes</Filter>
    </ClCompile>
    <ClCompile Include="Classes\NGfcRelationShip.cpp">
      <Filter>Classes</Filter>
    </ClCompile>
    <ClCompile Include="Classes\NGfcRelConnects.cpp">
      <Filter>Classes</Filter>
    </ClCompile>
    <ClCompile Include="Classes\NGfcRelConnectsElements.cpp">
      <Filter>Classes</Filter>
    </ClCompile>
    <ClCompile Include="Classes\NGfcRelConnectsPathElements.cpp">
      <Filter>Classes</Filter>
    </ClCompile>
    <ClCompile Include="Classes\NGfcRelConnectsWithRealizingElements.cpp">
      <Filter>Classes</Filter>
    </ClCompile>
    <ClCompile Include="Classes\NGfcRelCoversBldgElements.cpp">
      <Filter>Classes</Filter>
    </ClCompile>
    <ClCompile Include="Classes\NGfcRelDecomposes.cpp">
      <Filter>Classes</Filter>
    </ClCompile>
    <ClCompile Include="Classes\NGfcRelDefines.cpp">
      <Filter>Classes</Filter>
    </ClCompile>
    <ClCompile Include="Classes\NGfcRelDefinesByProperties.cpp">
      <Filter>Classes</Filter>
    </ClCompile>
    <ClCompile Include="Classes\NGfcRelDefinesByType.cpp">
      <Filter>Classes</Filter>
    </ClCompile>
    <ClCompile Include="Classes\NGfcRelVoidsElement.cpp">
      <Filter>Classes</Filter>
    </ClCompile>
    <ClCompile Include="Classes\NGfcRepresentation.cpp">
      <Filter>Classes</Filter>
    </ClCompile>
    <ClCompile Include="Classes\NGfcRepresentationItem.cpp">
      <Filter>Classes</Filter>
    </ClCompile>
    <ClCompile Include="Classes\NGfcRevolvedAreaSolidShape.cpp">
      <Filter>Classes</Filter>
    </ClCompile>
    <ClCompile Include="Classes\NGfcRevolvedAreaSolidTaperedShape.cpp">
      <Filter>Classes</Filter>
    </ClCompile>
    <ClCompile Include="Classes\NGfcRoot.cpp">
      <Filter>Classes</Filter>
    </ClCompile>
    <ClCompile Include="Classes\NGfcRuledSurface.cpp">
      <Filter>Classes</Filter>
    </ClCompile>
    <ClCompile Include="Classes\NGfcSection.cpp">
      <Filter>Classes</Filter>
    </ClCompile>
    <ClCompile Include="Classes\NGfcSectionListProperty.cpp">
      <Filter>Classes</Filter>
    </ClCompile>
    <ClCompile Include="Classes\NGfcSectionProperty.cpp">
      <Filter>Classes</Filter>
    </ClCompile>
    <ClCompile Include="Classes\NGfcShape.cpp">
      <Filter>Classes</Filter>
    </ClCompile>
    <ClCompile Include="Classes\NGfcSimpleLoop.cpp">
      <Filter>Classes</Filter>
    </ClCompile>
    <ClCompile Include="Classes\NGfcSimplePolygon.cpp">
      <Filter>Classes</Filter>
    </ClCompile>
    <ClCompile Include="Classes\NGfcSimpleProperty.cpp">
      <Filter>Classes</Filter>
    </ClCompile>
    <ClCompile Include="Classes\NGfcSimpleVertex.cpp">
      <Filter>Classes</Filter>
    </ClCompile>
    <ClCompile Include="Classes\NGfcSinCurve2d.cpp">
      <Filter>Classes</Filter>
    </ClCompile>
    <ClCompile Include="Classes\NGfcSingleProperty.cpp">
      <Filter>Classes</Filter>
    </ClCompile>
    <ClCompile Include="Classes\NGfcSite.cpp">
      <Filter>Classes</Filter>
    </ClCompile>
    <ClCompile Include="Classes\NGfcSolidShape.cpp">
      <Filter>Classes</Filter>
    </ClCompile>
    <ClCompile Include="Classes\NGfcSpatialStructureElement.cpp">
      <Filter>Classes</Filter>
    </ClCompile>
    <ClCompile Include="Classes\NGfcSphere.cpp">
      <Filter>Classes</Filter>
    </ClCompile>
    <ClCompile Include="Classes\NGfcSphereShape.cpp">
      <Filter>Classes</Filter>
    </ClCompile>
    <ClCompile Include="Classes\NGfcSpiralLine2d.cpp">
      <Filter>Classes</Filter>
    </ClCompile>
    <ClCompile Include="Classes\NGfcSpiralLine3d.cpp">
      <Filter>Classes</Filter>
    </ClCompile>
    <ClCompile Include="Classes\NGfcSteelDetail.cpp">
      <Filter>Classes</Filter>
    </ClCompile>
    <ClCompile Include="Classes\NGfcSteelTotal.cpp">
      <Filter>Classes</Filter>
    </ClCompile>
    <ClCompile Include="Classes\NGfcStringListProperty.cpp">
      <Filter>Classes</Filter>
    </ClCompile>
    <ClCompile Include="Classes\NGfcStringProperty.cpp">
      <Filter>Classes</Filter>
    </ClCompile>
    <ClCompile Include="Classes\NGfcSurface.cpp">
      <Filter>Classes</Filter>
    </ClCompile>
    <ClCompile Include="Classes\NGfcSurfaceCurveSweptAreaSolidShape.cpp">
      <Filter>Classes</Filter>
    </ClCompile>
    <ClCompile Include="Classes\NGfcSurfaceTexture.cpp">
      <Filter>Classes</Filter>
    </ClCompile>
    <ClCompile Include="Classes\NGfcSweep.cpp">
      <Filter>Classes</Filter>
    </ClCompile>
    <ClCompile Include="Classes\NGfcSweepCurve3d.cpp">
      <Filter>Classes</Filter>
    </ClCompile>
    <ClCompile Include="Classes\NGfcSweptAreaSolidShape.cpp">
      <Filter>Classes</Filter>
    </ClCompile>
    <ClCompile Include="Classes\NGfcTopology.cpp">
      <Filter>Classes</Filter>
    </ClCompile>
    <ClCompile Include="Classes\NGfcTorus.cpp">
      <Filter>Classes</Filter>
    </ClCompile>
    <ClCompile Include="Classes\NGfcTShapeSection.cpp">
      <Filter>Classes</Filter>
    </ClCompile>
    <ClCompile Include="Classes\NGfcUnaryBooleanResult.cpp">
      <Filter>Classes</Filter>
    </ClCompile>
    <ClCompile Include="Classes\NGfcVector2d.cpp">
      <Filter>Classes</Filter>
    </ClCompile>
    <ClCompile Include="Classes\NGfcVector3d.cpp">
      <Filter>Classes</Filter>
    </ClCompile>
  </ItemGroup>
  <ItemGroup>
    <ClInclude Include="Classes\NTypeDef.h">
      <Filter>Classes</Filter>
    </ClInclude>
    <ClInclude Include="NGfcEntity.h">
      <Filter>头文件</Filter>
    </ClInclude>
    <ClInclude Include="NGfcWriter.h">
      <Filter>头文件</Filter>
    </ClInclude>
    <ClInclude Include="Classes\NGfcArbitrarySection.h">
      <Filter>Classes</Filter>
    </ClInclude>
    <ClInclude Include="Classes\NGfcArc2d.h">
      <Filter>Classes</Filter>
    </ClInclude>
    <ClInclude Include="Classes\NGfcArc3d.h">
      <Filter>Classes</Filter>
    </ClInclude>
    <ClInclude Include="Classes\NGfcBevel.h">
      <Filter>Classes</Filter>
    </ClInclude>
    <ClInclude Include="Classes\NGfcBillDetail.h">
      <Filter>Classes</Filter>
    </ClInclude>
    <ClInclude Include="Classes\NGfcBillTotal.h">
      <Filter>Classes</Filter>
    </ClInclude>
    <ClInclude Include="Classes\NGfcBinaryBooleanResult.h">
      <Filter>Classes</Filter>
    </ClInclude>
    <ClInclude Include="Classes\NGfcBlockShape.h">
      <Filter>Classes</Filter>
    </ClInclude>
    <ClInclude Include="Classes\NGfcBody.h">
      <Filter>Classes</Filter>
    </ClInclude>
    <ClInclude Include="Classes\NGfcBooleanListProperty.h">
      <Filter>Classes</Filter>
    </ClInclude>
    <ClInclude Include="Classes\NGfcBooleanProperty.h">
      <Filter>Classes</Filter>
    </ClInclude>
    <ClInclude Include="Classes\NGfcBooleanResult.h">
      <Filter>Classes</Filter>
    </ClInclude>
    <ClInclude Include="Classes\NGfcBox3d.h">
      <Filter>Classes</Filter>
    </ClInclude>
    <ClInclude Include="Classes\NGfcBrepBody.h">
      <Filter>Classes</Filter>
    </ClInclude>
    <ClInclude Include="Classes\NGfcBuilding.h">
      <Filter>Classes</Filter>
    </ClInclude>
    <ClInclude Include="Classes\NGfcCircleHollowSection.h">
      <Filter>Classes</Filter>
    </ClInclude>
    <ClInclude Include="Classes\NGfcCircleSection.h">
      <Filter>Classes</Filter>
    </ClInclude>
    <ClInclude Include="Classes\NGfcCoedge.h">
      <Filter>Classes</Filter>
    </ClInclude>
    <ClInclude Include="Classes\NGfcCoedgeList.h">
      <Filter>Classes</Filter>
    </ClInclude>
    <ClInclude Include="Classes\NGfcCoedgeListEx.h">
      <Filter>Classes</Filter>
    </ClInclude>
    <ClInclude Include="Classes\NGfcColor.h">
      <Filter>Classes</Filter>
    </ClInclude>
    <ClInclude Include="Classes\NGfcCommonPolygon.h">
      <Filter>Classes</Filter>
    </ClInclude>
    <ClInclude Include="Classes\NGfcCommonPolygonEx.h">
      <Filter>Classes</Filter>
    </ClInclude>
    <ClInclude Include="Classes\NGfcComplexProperty.h">
      <Filter>Classes</Filter>
    </ClInclude>
    <ClInclude Include="Classes\NGfcCompositeCurve2dSweptSolidShape.h">
      <Filter>Classes</Filter>
    </ClInclude>
    <ClInclude Include="Classes\NGfcCompositeCurve3dSweptSolidShape.h">
      <Filter>Classes</Filter>
    </ClInclude>
    <ClInclude Include="Classes\NGfcConeShape.h">
      <Filter>Classes</Filter>
    </ClInclude>
    <ClInclude Include="Classes\NGfcConnectionCurveGeometry.h">
      <Filter>Classes</Filter>
    </ClInclude>
    <ClInclude Include="Classes\NGfcConnectionGeometry.h">
      <Filter>Classes</Filter>
    </ClInclude>
    <ClInclude Include="Classes\NGfcConnectionPointGeometry.h">
      <Filter>Classes</Filter>
    </ClInclude>
    <ClInclude Include="Classes\NGfcConnectionSurfaceGeometry.h">
      <Filter>Classes</Filter>
    </ClInclude>
    <ClInclude Include="Classes\NGfcConnectionVolumeGeometry.h">
      <Filter>Classes</Filter>
    </ClInclude>
    <ClInclude Include="Classes\NGfcCoordinates2d.h">
      <Filter>Classes</Filter>
    </ClInclude>
    <ClInclude Include="Classes\NGfcCoordinates3d.h">
      <Filter>Classes</Filter>
    </ClInclude>
    <ClInclude Include="Classes\NGfcCsgSolidShape.h">
      <Filter>Classes</Filter>
    </ClInclude>
    <ClInclude Include="Classes\NGfcCuboidBody.h">
      <Filter>Classes</Filter>
    </ClInclude>
    <ClInclude Include="Classes\NGfcCurve2d.h">
      <Filter>Classes</Filter>
    </ClInclude>
    <ClInclude Include="Classes\NGfcCurve3d.h">
      <Filter>Classes</Filter>
    </ClInclude>
    <ClInclude Include="Classes\NGfcCylinder.h">
      <Filter>Classes</Filter>
    </ClInclude>
    <ClInclude Include="Classes\NGfcCylinderShape.h">
      <Filter>Classes</Filter>
    </ClInclude>
    <ClInclude Include="Classes\NGfcDoubleListProperty.h">
      <Filter>Classes</Filter>
    </ClInclude>
    <ClInclude Include="Classes\NGfcDoubleProperty.h">
      <Filter>Classes</Filter>
    </ClInclude>
    <ClInclude Include="Classes\NGfcEdge.h">
      <Filter>Classes</Filter>
    </ClInclude>
    <ClInclude Include="Classes\NGfcElement.h">
      <Filter>Classes</Filter>
    </ClInclude>
    <ClInclude Include="Classes\NGfcElementShape.h">
      <Filter>Classes</Filter>
    </ClInclude>
    <ClInclude Include="Classes\NGfcElementType.h">
      <Filter>Classes</Filter>
    </ClInclude>
    <ClInclude Include="Classes\NGfcEllipse2d.h">
      <Filter>Classes</Filter>
    </ClInclude>
    <ClInclude Include="Classes\NGfcEllipse3d.h">
      <Filter>Classes</Filter>
    </ClInclude>
    <ClInclude Include="Classes\NGfcEllipseSection.h">
      <Filter>Classes</Filter>
    </ClInclude>
    <ClInclude Include="Classes\NGfcEntityListProperty.h">
      <Filter>Classes</Filter>
    </ClInclude>
    <ClInclude Include="Classes\NGfcEntityProperty.h">
      <Filter>Classes</Filter>
    </ClInclude>
    <ClInclude Include="Classes\NGfcExtrudedAreaSolidShape.h">
      <Filter>Classes</Filter>
    </ClInclude>
    <ClInclude Include="Classes\NGfcExtrudedAreaSolidTaperedShape.h">
      <Filter>Classes</Filter>
    </ClInclude>
    <ClInclude Include="Classes\NGfcExtrudedBody.h">
      <Filter>Classes</Filter>
    </ClInclude>
    <ClInclude Include="Classes\NGfcFace.h">
      <Filter>Classes</Filter>
    </ClInclude>
    <ClInclude Include="Classes\NGfcFloor.h">
      <Filter>Classes</Filter>
    </ClInclude>
    <ClInclude Include="Classes\NGfcGeoListProperty.h">
      <Filter>Classes</Filter>
    </ClInclude>
    <ClInclude Include="Classes\NGfcGeometry.h">
      <Filter>Classes</Filter>
    </ClInclude>
    <ClInclude Include="Classes\NGfcGeometryShape.h">
      <Filter>Classes</Filter>
    </ClInclude>
    <ClInclude Include="Classes\NGfcGeoProperty.h">
      <Filter>Classes</Filter>
    </ClInclude>
    <ClInclude Include="Classes\NGfcHalfSpaceSolidShape.h">
      <Filter>Classes</Filter>
    </ClInclude>
    <ClInclude Include="Classes\NGfcHelicoid.h">
      <Filter>Classes</Filter>
    </ClInclude>
    <ClInclude Include="Classes\NGfcImageCurve3d.h">
      <Filter>Classes</Filter>
    </ClInclude>
    <ClInclude Include="Classes\NGfcIndexedColourMap.h">
      <Filter>Classes</Filter>
    </ClInclude>
    <ClInclude Include="Classes\NGfcIndexedTextureMap.h">
      <Filter>Classes</Filter>
    </ClInclude>
    <ClInclude Include="Classes\NGfcIntegerListProperty.h">
      <Filter>Classes</Filter>
    </ClInclude>
    <ClInclude Include="Classes\NGfcIntegerProperty.h">
      <Filter>Classes</Filter>
    </ClInclude>
    <ClInclude Include="Classes\NGfcInternalChart.h">
      <Filter>Classes</Filter>
    </ClInclude>
    <ClInclude Include="Classes\NGfcInternalPt.h">
      <Filter>Classes</Filter>
    </ClInclude>
    <ClInclude Include="Classes\NGfcIntersectionCurve3d.h">
      <Filter>Classes</Filter>
    </ClInclude>
    <ClInclude Include="Classes\NGfcIntervald.h">
      <Filter>Classes</Filter>
    </ClInclude>
    <ClInclude Include="Classes\NGfcLightSource.h">
      <Filter>Classes</Filter>
    </ClInclude>
    <ClInclude Include="Classes\NGfcLightSourceAmbient.h">
      <Filter>Classes</Filter>
    </ClInclude>
    <ClInclude Include="Classes\NGfcLightSourceDirectional.h">
      <Filter>Classes</Filter>
    </ClInclude>
    <ClInclude Include="Classes\NGfcLightSourcePositional.h">
      <Filter>Classes</Filter>
    </ClInclude>
    <ClInclude Include="Classes\NGfcLine2d.h">
      <Filter>Classes</Filter>
    </ClInclude>
    <ClInclude Include="Classes\NGfcLine3d.h">
      <Filter>Classes</Filter>
    </ClInclude>
    <ClInclude Include="Classes\NGfcListProperty.h">
      <Filter>Classes</Filter>
    </ClInclude>
    <ClInclude Include="Classes\NGfcLShapeSection.h">
      <Filter>Classes</Filter>
    </ClInclude>
    <ClInclude Include="Classes\NGfcManifoldSolidShape.h">
      <Filter>Classes</Filter>
    </ClInclude>
    <ClInclude Include="Classes\NGfcMatrix.h">
      <Filter>Classes</Filter>
    </ClInclude>
    <ClInclude Include="Classes\NGfcNurbsCtrlPt2d.h">
      <Filter>Classes</Filter>
    </ClInclude>
    <ClInclude Include="Classes\NGfcNurbsCtrlPt3d.h">
      <Filter>Classes</Filter>
    </ClInclude>
    <ClInclude Include="Classes\NGfcNurbsCurve2d.h">
      <Filter>Classes</Filter>
    </ClInclude>
    <ClInclude Include="Classes\NGfcNurbsCurve3d.h">
      <Filter>Classes</Filter>
    </ClInclude>
    <ClInclude Include="Classes\NGfcNurbsSurface.h">
      <Filter>Classes</Filter>
    </ClInclude>
    <ClInclude Include="Classes\NGfcObject.h">
      <Filter>Classes</Filter>
    </ClInclude>
    <ClInclude Include="Classes\NGfcOffsetCurve2d.h">
      <Filter>Classes</Filter>
    </ClInclude>
    <ClInclude Include="Classes\NGfcParameterizedSection.h">
      <Filter>Classes</Filter>
    </ClInclude>
    <ClInclude Include="Classes\NGfcParametricShape.h">
      <Filter>Classes</Filter>
    </ClInclude>
    <ClInclude Include="Classes\NGfcPlane.h">
      <Filter>Classes</Filter>
    </ClInclude>
    <ClInclude Include="Classes\NGfcPlaneCoef.h">
      <Filter>Classes</Filter>
    </ClInclude>
    <ClInclude Include="Classes\NGfcPlaneCurve3d.h">
      <Filter>Classes</Filter>
    </ClInclude>
    <ClInclude Include="Classes\NGfcPlaneInfo.h">
      <Filter>Classes</Filter>
    </ClInclude>
    <ClInclude Include="Classes\NGfcPolygon.h">
      <Filter>Classes</Filter>
    </ClInclude>
    <ClInclude Include="Classes\NGfcPolyhedralEdge.h">
      <Filter>Classes</Filter>
    </ClInclude>
    <ClInclude Include="Classes\NGfcPolyhedralFace.h">
      <Filter>Classes</Filter>
    </ClInclude>
    <ClInclude Include="Classes\NGfcPolyhedralLoop.h">
      <Filter>Classes</Filter>
    </ClInclude>
    <ClInclude Include="Classes\NGfcPolyhedronBody.h">
      <Filter>Classes</Filter>
    </ClInclude>
    <ClInclude Include="Classes\NGfcPreimageCurve2d.h">
      <Filter>Classes</Filter>
    </ClInclude>
    <ClInclude Include="Classes\NGfcPrimitiveBody.h">
      <Filter>Classes</Filter>
    </ClInclude>
    <ClInclude Include="Classes\NGfcPrimitiveRenderable.h">
      <Filter>Classes</Filter>
    </ClInclude>
    <ClInclude Include="Classes\NGfcPrimitiveShape.h">
      <Filter>Classes</Filter>
    </ClInclude>
    <ClInclude Include="Classes\NGfcProject.h">
      <Filter>Classes</Filter>
    </ClInclude>
    <ClInclude Include="Classes\NGfcProperty.h">
      <Filter>Classes</Filter>
    </ClInclude>
    <ClInclude Include="Classes\NGfcPropertySet.h">
      <Filter>Classes</Filter>
    </ClInclude>
    <ClInclude Include="Classes\NGfcQuotaDetail.h">
      <Filter>Classes</Filter>
    </ClInclude>
    <ClInclude Include="Classes\NGfcQuotaTotal.h">
      <Filter>Classes</Filter>
    </ClInclude>
    <ClInclude Include="Classes\NGfcRectangleHollowSection.h">
      <Filter>Classes</Filter>
    </ClInclude>
    <ClInclude Include="Classes\NGfcRectangleSection.h">
      <Filter>Classes</Filter>
    </ClInclude>
    <ClInclude Include="Classes\NGfcRefString.h">
      <Filter>Classes</Filter>
    </ClInclude>
    <ClInclude Include="Classes\NGfcRelAggregates.h">
      <Filter>Classes</Filter>
    </ClInclude>
    <ClInclude Include="Classes\NGfcRelationShip.h">
      <Filter>Classes</Filter>
    </ClInclude>
    <ClInclude Include="Classes\NGfcRelConnects.h">
      <Filter>Classes</Filter>
    </ClInclude>
    <ClInclude Include="Classes\NGfcRelConnectsElements.h">
      <Filter>Classes</Filter>
    </ClInclude>
    <ClInclude Include="Classes\NGfcRelConnectsPathElements.h">
      <Filter>Classes</Filter>
    </ClInclude>
    <ClInclude Include="Classes\NGfcRelConnectsWithRealizingElements.h">
      <Filter>Classes</Filter>
    </ClInclude>
    <ClInclude Include="Classes\NGfcRelCoversBldgElements.h">
      <Filter>Classes</Filter>
    </ClInclude>
    <ClInclude Include="Classes\NGfcRelDecomposes.h">
      <Filter>Classes</Filter>
    </ClInclude>
    <ClInclude Include="Classes\NGfcRelDefines.h">
      <Filter>Classes</Filter>
    </ClInclude>
    <ClInclude Include="Classes\NGfcRelDefinesByProperties.h">
      <Filter>Classes</Filter>
    </ClInclude>
    <ClInclude Include="Classes\NGfcRelDefinesByType.h">
      <Filter>Classes</Filter>
    </ClInclude>
    <ClInclude Include="Classes\NGfcRelVoidsElement.h">
      <Filter>Classes</Filter>
    </ClInclude>
    <ClInclude Include="Classes\NGfcRepresentation.h">
      <Filter>Classes</Filter>
    </ClInclude>
    <ClInclude Include="Classes\NGfcRepresentationItem.h">
      <Filter>Classes</Filter>
    </ClInclude>
    <ClInclude Include="Classes\NGfcRevolvedAreaSolidShape.h">
      <Filter>Classes</Filter>
    </ClInclude>
    <ClInclude Include="Classes\NGfcRevolvedAreaSolidTaperedShape.h">
      <Filter>Classes</Filter>
    </ClInclude>
    <ClInclude Include="Classes\NGfcRoot.h">
      <Filter>Classes</Filter>
    </ClInclude>
    <ClInclude Include="Classes\NGfcRuledSurface.h">
      <Filter>Classes</Filter>
    </ClInclude>
    <ClInclude Include="Classes\NGfcSection.h">
      <Filter>Classes</Filter>
    </ClInclude>
    <ClInclude Include="Classes\NGfcSectionListProperty.h">
      <Filter>Classes</Filter>
    </ClInclude>
    <ClInclude Include="Classes\NGfcSectionProperty.h">
      <Filter>Classes</Filter>
    </ClInclude>
    <ClInclude Include="Classes\NGfcShape.h">
      <Filter>Classes</Filter>
    </ClInclude>
    <ClInclude Include="Classes\NGfcSimpleLoop.h">
      <Filter>Classes</Filter>
    </ClInclude>
    <ClInclude Include="Classes\NGfcSimplePolygon.h">
      <Filter>Classes</Filter>
    </ClInclude>
    <ClInclude Include="Classes\NGfcSimpleProperty.h">
      <Filter>Classes</Filter>
    </ClInclude>
    <ClInclude Include="Classes\NGfcSimpleVertex.h">
      <Filter>Classes</Filter>
    </ClInclude>
    <ClInclude Include="Classes\NGfcSinCurve2d.h">
      <Filter>Classes</Filter>
    </ClInclude>
    <ClInclude Include="Classes\NGfcSingleProperty.h">
      <Filter>Classes</Filter>
    </ClInclude>
    <ClInclude Include="Classes\NGfcSite.h">
      <Filter>Classes</Filter>
    </ClInclude>
    <ClInclude Include="Classes\NGfcSolidShape.h">
      <Filter>Classes</Filter>
    </ClInclude>
    <ClInclude Include="Classes\NGfcSpatialStructureElement.h">
      <Filter>Classes</Filter>
    </ClInclude>
    <ClInclude Include="Classes\NGfcSphere.h">
      <Filter>Classes</Filter>
    </ClInclude>
    <ClInclude Include="Classes\NGfcSphereShape.h">
      <Filter>Classes</Filter>
    </ClInclude>
    <ClInclude Include="Classes\NGfcSpiralLine2d.h">
      <Filter>Classes</Filter>
    </ClInclude>
    <ClInclude Include="Classes\NGfcSpiralLine3d.h">
      <Filter>Classes</Filter>
    </ClInclude>
    <ClInclude Include="Classes\NGfcSteelDetail.h">
      <Filter>Classes</Filter>
    </ClInclude>
    <ClInclude Include="Classes\NGfcSteelTotal.h">
      <Filter>Classes</Filter>
    </ClInclude>
    <ClInclude Include="Classes\NGfcStringListProperty.h">
      <Filter>Classes</Filter>
    </ClInclude>
    <ClInclude Include="Classes\NGfcStringProperty.h">
      <Filter>Classes</Filter>
    </ClInclude>
    <ClInclude Include="Classes\NGfcSurface.h">
      <Filter>Classes</Filter>
    </ClInclude>
    <ClInclude Include="Classes\NGfcSurfaceCurveSweptAreaSolidShape.h">
      <Filter>Classes</Filter>
    </ClInclude>
    <ClInclude Include="Classes\NGfcSurfaceTexture.h">
      <Filter>Classes</Filter>
    </ClInclude>
    <ClInclude Include="Classes\NGfcSweep.h">
      <Filter>Classes</Filter>
    </ClInclude>
    <ClInclude Include="Classes\NGfcSweepCurve3d.h">
      <Filter>Classes</Filter>
    </ClInclude>
    <ClInclude Include="Classes\NGfcSweptAreaSolidShape.h">
      <Filter>Classes</Filter>
    </ClInclude>
    <ClInclude Include="Classes\NGfcTopology.h">
      <Filter>Classes</Filter>
    </ClInclude>
    <ClInclude Include="Classes\NGfcTorus.h">
      <Filter>Classes</Filter>
    </ClInclude>
    <ClInclude Include="Classes\NGfcTShapeSection.h">
      <Filter>Classes</Filter>
    </ClInclude>
    <ClInclude Include="Classes\NGfcUnaryBooleanResult.h">
      <Filter>Classes</Filter>
    </ClInclude>
    <ClInclude Include="Classes\NGfcVector2d.h">
      <Filter>Classes</Filter>
    </ClInclude>
    <ClInclude Include="Classes\NGfcVector3d.h">
      <Filter>Classes</Filter>
    </ClInclude>
  </ItemGroup>
</Project>